// !$*UTF8*$!
{
	archiveVersion = 1;
	classes = {
	};
	objectVersion = 50;
	objects = {

/* Begin PBXBuildFile section */
		43312028292553A200DFD28C /* libPEPObjCTypeUtils_iOS.a in Frameworks */ = {isa = PBXBuildFile; fileRef = 1585EB3D2698636C00B822E1 /* libPEPObjCTypeUtils_iOS.a */; };
		43312034292553F200DFD28C /* PEPIdentityAddressTests.m in Sources */ = {isa = PBXBuildFile; fileRef = 5B11964427B50B0900FDF0B5 /* PEPIdentityAddressTests.m */; };
		43312035292553F500DFD28C /* PEPIdentityComparisonTest.m in Sources */ = {isa = PBXBuildFile; fileRef = 5B2F476B27BA5CAF003517EC /* PEPIdentityComparisonTest.m */; };
		433120362925541400DFD28C /* libPEPObjCTypes_iOS.a in Frameworks */ = {isa = PBXBuildFile; fileRef = 43431E12278D782A00A1AB63 /* libPEPObjCTypes_iOS.a */; };
		433CE9CB2A026C8A000844EC /* libplanckCoreV3.a in Frameworks */ = {isa = PBXBuildFile; fileRef = 43C252C52A00E71300C42B76 /* libplanckCoreV3.a */; };
		439CA04C29262FA7003FAC02 /* PerMachineDirectory.m in Sources */ = {isa = PBXBuildFile; fileRef = 439CA04B29262FA7003FAC02 /* PerMachineDirectory.m */; };
		439CA04D29262FA7003FAC02 /* PerMachineDirectory.m in Sources */ = {isa = PBXBuildFile; fileRef = 439CA04B29262FA7003FAC02 /* PerMachineDirectory.m */; };
		43A6D582292CF752004DA26B /* module.modulemap in CopyFiles */ = {isa = PBXBuildFile; fileRef = 43A6D581292CF6DC004DA26B /* module.modulemap */; };
		43A6D583292CF75D004DA26B /* PEPObjCTypeUtils.h in CopyFiles */ = {isa = PBXBuildFile; fileRef = 1585EBC12698A8FC00B822E1 /* PEPObjCTypeUtils.h */; };
		43A6D584292CF75D004DA26B /* PEPStatusNSErrorUtil.h in CopyFiles */ = {isa = PBXBuildFile; fileRef = 5BAAF80127A936430037C55E /* PEPStatusNSErrorUtil.h */; };
		43A6D585292CF75D004DA26B /* NSArray+PEPConvert.h in CopyFiles */ = {isa = PBXBuildFile; fileRef = 5BC7CC7627A3FD190072AC5B /* NSArray+PEPConvert.h */; };
		43A6D586292CF75D004DA26B /* NSArray+PEPIdentityList.h in CopyFiles */ = {isa = PBXBuildFile; fileRef = 5BC7CC7027A3F9360072AC5B /* NSArray+PEPIdentityList.h */; };
		43A6D587292CF75D004DA26B /* PEPIdentity+PEPConvert.h in CopyFiles */ = {isa = PBXBuildFile; fileRef = 5B29DA3627A0466E00D7638E /* PEPIdentity+PEPConvert.h */; };
		43A6D589292CF75D004DA26B /* PEPMessage+PEPConvert.h in CopyFiles */ = {isa = PBXBuildFile; fileRef = 5B29DA2827A0439F00D7638E /* PEPMessage+PEPConvert.h */; };
		43A6D58A292CF75D004DA26B /* PEPIdentity+URIAddressScheme.h in CopyFiles */ = {isa = PBXBuildFile; fileRef = 5B11963927B41C3000FDF0B5 /* PEPIdentity+URIAddressScheme.h */; };
		43B0EAD5274D21E100F5D076 /* libPEPObjCTypeUtils_macOS.a in Frameworks */ = {isa = PBXBuildFile; fileRef = 1585EA7C26984C4300B822E1 /* libPEPObjCTypeUtils_macOS.a */; };
		43C01E0629FBE2BC00386E0D /* libc++.tbd in Frameworks */ = {isa = PBXBuildFile; fileRef = 43C01E0029FBE2BC00386E0D /* libc++.tbd */; };
		43D97EF1278D875D005EA014 /* libPEPObjCTypes_macOS.a in Frameworks */ = {isa = PBXBuildFile; fileRef = 43431E10278D782A00A1AB63 /* libPEPObjCTypes_macOS.a */; };
		5B11963A27B41C3000FDF0B5 /* PEPIdentity+URIAddressScheme.m in Sources */ = {isa = PBXBuildFile; fileRef = 5B11963827B41C3000FDF0B5 /* PEPIdentity+URIAddressScheme.m */; };
		5B11963B27B41C3000FDF0B5 /* PEPIdentity+URIAddressScheme.m in Sources */ = {isa = PBXBuildFile; fileRef = 5B11963827B41C3000FDF0B5 /* PEPIdentity+URIAddressScheme.m */; };
		5B11964527B50B0A00FDF0B5 /* PEPIdentityAddressTests.m in Sources */ = {isa = PBXBuildFile; fileRef = 5B11964427B50B0900FDF0B5 /* PEPIdentityAddressTests.m */; };
		5B29DA2C27A0439F00D7638E /* PEPMessage+PEPConvert.m in Sources */ = {isa = PBXBuildFile; fileRef = 5B29DA2927A0439F00D7638E /* PEPMessage+PEPConvert.m */; };
		5B29DA2D27A0439F00D7638E /* PEPMessage+PEPConvert.m in Sources */ = {isa = PBXBuildFile; fileRef = 5B29DA2927A0439F00D7638E /* PEPMessage+PEPConvert.m */; };
		5B29DA3A27A0466E00D7638E /* PEPIdentity+PEPConvert.m in Sources */ = {isa = PBXBuildFile; fileRef = 5B29DA3727A0466E00D7638E /* PEPIdentity+PEPConvert.m */; };
		5B29DA3B27A0466E00D7638E /* PEPIdentity+PEPConvert.m in Sources */ = {isa = PBXBuildFile; fileRef = 5B29DA3727A0466E00D7638E /* PEPIdentity+PEPConvert.m */; };
		5B2F476C27BA5CAF003517EC /* PEPIdentityComparisonTest.m in Sources */ = {isa = PBXBuildFile; fileRef = 5B2F476B27BA5CAF003517EC /* PEPIdentityComparisonTest.m */; };
		5B5ACF9A27A19B2100B34412 /* PEPStatusNSErrorUtil.m in Sources */ = {isa = PBXBuildFile; fileRef = 5B5ACE1527A1925800B34412 /* PEPStatusNSErrorUtil.m */; };
		5B5ACF9B27A19B2200B34412 /* PEPStatusNSErrorUtil.m in Sources */ = {isa = PBXBuildFile; fileRef = 5B5ACE1527A1925800B34412 /* PEPStatusNSErrorUtil.m */; };
		5BC7CC7427A3F9760072AC5B /* NSArray+PEPIdentityList.m in Sources */ = {isa = PBXBuildFile; fileRef = 5BC7CC7327A3F9760072AC5B /* NSArray+PEPIdentityList.m */; };
		5BC7CC7527A3F9760072AC5B /* NSArray+PEPIdentityList.m in Sources */ = {isa = PBXBuildFile; fileRef = 5BC7CC7327A3F9760072AC5B /* NSArray+PEPIdentityList.m */; };
		5BC7CC7A27A3FD190072AC5B /* NSArray+PEPConvert.m in Sources */ = {isa = PBXBuildFile; fileRef = 5BC7CC7727A3FD190072AC5B /* NSArray+PEPConvert.m */; };
		5BC7CC7B27A3FD190072AC5B /* NSArray+PEPConvert.m in Sources */ = {isa = PBXBuildFile; fileRef = 5BC7CC7727A3FD190072AC5B /* NSArray+PEPConvert.m */; };
/* End PBXBuildFile section */

/* Begin PBXContainerItemProxy section */
		4308F2082A0107A70020FAA5 /* PBXContainerItemProxy */ = {
			isa = PBXContainerItemProxy;
			containerPortal = 435066972A00E3C400C0A6ED /* planckCoreV3.xcodeproj */;
			proxyType = 2;
			remoteGlobalIDString = 64796A3F1B455AA5004B1C24;
			remoteInfo = planckCoreV3;
		};
		4308F20A2A0107A70020FAA5 /* PBXContainerItemProxy */ = {
			isa = PBXContainerItemProxy;
			containerPortal = 435066972A00E3C400C0A6ED /* planckCoreV3.xcodeproj */;
			proxyType = 2;
			remoteGlobalIDString = 1552DB112577D4F100A92F71;
			remoteInfo = planckCoreV3_macOS;
		};
		4308F20C2A0107A70020FAA5 /* PBXContainerItemProxy */ = {
			isa = PBXContainerItemProxy;
			containerPortal = 435066972A00E3C400C0A6ED /* planckCoreV3.xcodeproj */;
			proxyType = 2;
			remoteGlobalIDString = 644297BF1BE11C65002BC73B;
			remoteInfo = pEpTrustWords;
		};
		430AEAFC2923A4B20033E381 /* PBXContainerItemProxy */ = {
			isa = PBXContainerItemProxy;
			containerPortal = 159805FA26CFC0C500593C9D /* PEPObjCTypes.xcodeproj */;
			proxyType = 1;
			remoteGlobalIDString = 4E575864268329A20084F02D;
			remoteInfo = PEPObjCTypes_iOS;
		};
		43312029292553A200DFD28C /* PBXContainerItemProxy */ = {
			isa = PBXContainerItemProxy;
			containerPortal = 1585EA7426984C4300B822E1 /* Project object */;
			proxyType = 1;
			remoteGlobalIDString = 1585EB3C2698636C00B822E1;
			remoteInfo = PEPObjCTypeUtils_iOS;
		};
		43431E0F278D782A00A1AB63 /* PBXContainerItemProxy */ = {
			isa = PBXContainerItemProxy;
			containerPortal = 159805FA26CFC0C500593C9D /* PEPObjCTypes.xcodeproj */;
			proxyType = 2;
			remoteGlobalIDString = 4E575858268329170084F02D;
			remoteInfo = PEPObjCTypes_macOS;
		};
		43431E11278D782A00A1AB63 /* PBXContainerItemProxy */ = {
			isa = PBXContainerItemProxy;
			containerPortal = 159805FA26CFC0C500593C9D /* PEPObjCTypes.xcodeproj */;
			proxyType = 2;
			remoteGlobalIDString = 4E575865268329A20084F02D;
			remoteInfo = PEPObjCTypes_iOS;
		};
		43431E13278D782A00A1AB63 /* PBXContainerItemProxy */ = {
			isa = PBXContainerItemProxy;
			containerPortal = 159805FA26CFC0C500593C9D /* PEPObjCTypes.xcodeproj */;
			proxyType = 2;
			remoteGlobalIDString = 4E5758BF26833D140084F02D;
			remoteInfo = PEPObjCTypesTests_iOS;
		};
		43431E15278D782A00A1AB63 /* PBXContainerItemProxy */ = {
			isa = PBXContainerItemProxy;
			containerPortal = 159805FA26CFC0C500593C9D /* PEPObjCTypes.xcodeproj */;
			proxyType = 2;
			remoteGlobalIDString = 439F4C36275632B2005F278E;
			remoteInfo = PEPObjCTypesTests_macOS;
		};
		43431E60278D7FDA00A1AB63 /* PBXContainerItemProxy */ = {
			isa = PBXContainerItemProxy;
			containerPortal = 159805FA26CFC0C500593C9D /* PEPObjCTypes.xcodeproj */;
			proxyType = 1;
			remoteGlobalIDString = 4E575857268329170084F02D;
			remoteInfo = PEPObjCTypes_macOS;
		};
		43ACF0FC2A0109E7006A11D5 /* PBXContainerItemProxy */ = {
			isa = PBXContainerItemProxy;
			containerPortal = 1585EACB269850B400B822E1 /* planckCoreV3.xcodeproj */;
			proxyType = 1;
			remoteGlobalIDString = 64796A3E1B455AA5004B1C24;
			remoteInfo = planckCoreV3;
		};
		43B0EAD6274D21E100F5D076 /* PBXContainerItemProxy */ = {
			isa = PBXContainerItemProxy;
			containerPortal = 1585EA7426984C4300B822E1 /* Project object */;
			proxyType = 1;
			remoteGlobalIDString = 1585EA7B26984C4300B822E1;
			remoteInfo = PEPObjCTypeUtils_macOS;
		};
		43C252C42A00E71300C42B76 /* PBXContainerItemProxy */ = {
			isa = PBXContainerItemProxy;
			containerPortal = 1585EACB269850B400B822E1 /* planckCoreV3.xcodeproj */;
			proxyType = 2;
			remoteGlobalIDString = 64796A3F1B455AA5004B1C24;
			remoteInfo = planckCoreV3;
		};
		43C252C62A00E71300C42B76 /* PBXContainerItemProxy */ = {
			isa = PBXContainerItemProxy;
			containerPortal = 1585EACB269850B400B822E1 /* planckCoreV3.xcodeproj */;
			proxyType = 2;
			remoteGlobalIDString = 1552DB112577D4F100A92F71;
			remoteInfo = planckCoreV3_macOS;
		};
		43C252C82A00E71300C42B76 /* PBXContainerItemProxy */ = {
			isa = PBXContainerItemProxy;
			containerPortal = 1585EACB269850B400B822E1 /* planckCoreV3.xcodeproj */;
			proxyType = 2;
			remoteGlobalIDString = 644297BF1BE11C65002BC73B;
			remoteInfo = pEpTrustWords;
		};
/* End PBXContainerItemProxy section */

/* Begin PBXCopyFilesBuildPhase section */
		1585EB3B2698636C00B822E1 /* CopyFiles */ = {
			isa = PBXCopyFilesBuildPhase;
			buildActionMask = 2147483647;
			dstPath = "include/$(PRODUCT_NAME)";
			dstSubfolderSpec = 16;
			files = (
				43A6D583292CF75D004DA26B /* PEPObjCTypeUtils.h in CopyFiles */,
				43A6D584292CF75D004DA26B /* PEPStatusNSErrorUtil.h in CopyFiles */,
				43A6D585292CF75D004DA26B /* NSArray+PEPConvert.h in CopyFiles */,
				43A6D586292CF75D004DA26B /* NSArray+PEPIdentityList.h in CopyFiles */,
				43A6D587292CF75D004DA26B /* PEPIdentity+PEPConvert.h in CopyFiles */,
				43A6D589292CF75D004DA26B /* PEPMessage+PEPConvert.h in CopyFiles */,
				43A6D58A292CF75D004DA26B /* PEPIdentity+URIAddressScheme.h in CopyFiles */,
				43A6D582292CF752004DA26B /* module.modulemap in CopyFiles */,
			);
			runOnlyForDeploymentPostprocessing = 0;
		};
/* End PBXCopyFilesBuildPhase section */

/* Begin PBXFileReference section */
		1585EA7C26984C4300B822E1 /* libPEPObjCTypeUtils_macOS.a */ = {isa = PBXFileReference; explicitFileType = archive.ar; includeInIndex = 0; path = libPEPObjCTypeUtils_macOS.a; sourceTree = BUILT_PRODUCTS_DIR; };
		1585EACB269850B400B822E1 /* planckCoreV3.xcodeproj */ = {isa = PBXFileReference; lastKnownFileType = "wrapper.pb-project"; name = planckCoreV3.xcodeproj; path = "../../../../planckCoreV3/build-mac/planckCoreV3.xcodeproj"; sourceTree = "<group>"; };
		1585EB3D2698636C00B822E1 /* libPEPObjCTypeUtils_iOS.a */ = {isa = PBXFileReference; explicitFileType = archive.ar; includeInIndex = 0; path = libPEPObjCTypeUtils_iOS.a; sourceTree = BUILT_PRODUCTS_DIR; };
		1585EBC12698A8FC00B822E1 /* PEPObjCTypeUtils.h */ = {isa = PBXFileReference; fileEncoding = 4; lastKnownFileType = sourcecode.c.h; path = PEPObjCTypeUtils.h; sourceTree = "<group>"; };
		159805FA26CFC0C500593C9D /* PEPObjCTypes.xcodeproj */ = {isa = PBXFileReference; lastKnownFileType = "wrapper.pb-project"; name = PEPObjCTypes.xcodeproj; path = "../../PEPObjCTypes/build-mac/PEPObjCTypes.xcodeproj"; sourceTree = "<group>"; };
		43312024292553A200DFD28C /* PEPObjCTypeUtilsTests_iOS.xctest */ = {isa = PBXFileReference; explicitFileType = wrapper.cfbundle; includeInIndex = 0; path = PEPObjCTypeUtilsTests_iOS.xctest; sourceTree = BUILT_PRODUCTS_DIR; };
		435066972A00E3C400C0A6ED /* planckCoreV3.xcodeproj */ = {isa = PBXFileReference; lastKnownFileType = "wrapper.pb-project"; name = planckCoreV3.xcodeproj; path = "../../../../planckCoreV3/build-mac/planckCoreV3.xcodeproj"; sourceTree = "<group>"; };
		439CA04B29262FA7003FAC02 /* PerMachineDirectory.m */ = {isa = PBXFileReference; lastKnownFileType = sourcecode.c.objc; path = PerMachineDirectory.m; sourceTree = "<group>"; };
		43A6D581292CF6DC004DA26B /* module.modulemap */ = {isa = PBXFileReference; lastKnownFileType = "sourcecode.module-map"; path = module.modulemap; sourceTree = "<group>"; };
		43B0EAD1274D21E100F5D076 /* PEPObjCTypeUtilsTests_macOS.xctest */ = {isa = PBXFileReference; explicitFileType = wrapper.cfbundle; includeInIndex = 0; path = PEPObjCTypeUtilsTests_macOS.xctest; sourceTree = BUILT_PRODUCTS_DIR; };
		43C01E0029FBE2BC00386E0D /* libc++.tbd */ = {isa = PBXFileReference; lastKnownFileType = "sourcecode.text-based-dylib-definition"; name = "libc++.tbd"; path = "usr/lib/libc++.tbd"; sourceTree = SDKROOT; };
		4E51C1F926CD12EE007A2164 /* libPEPObjCTypes_macOS.a */ = {isa = PBXFileReference; explicitFileType = archive.ar; path = libPEPObjCTypes_macOS.a; sourceTree = BUILT_PRODUCTS_DIR; };
		5B11963827B41C3000FDF0B5 /* PEPIdentity+URIAddressScheme.m */ = {isa = PBXFileReference; fileEncoding = 4; lastKnownFileType = sourcecode.c.objc; path = "PEPIdentity+URIAddressScheme.m"; sourceTree = "<group>"; };
		5B11963927B41C3000FDF0B5 /* PEPIdentity+URIAddressScheme.h */ = {isa = PBXFileReference; fileEncoding = 4; lastKnownFileType = sourcecode.c.h; path = "PEPIdentity+URIAddressScheme.h"; sourceTree = "<group>"; };
		5B11964427B50B0900FDF0B5 /* PEPIdentityAddressTests.m */ = {isa = PBXFileReference; lastKnownFileType = sourcecode.c.objc; path = PEPIdentityAddressTests.m; sourceTree = "<group>"; };
		5B29DA2827A0439F00D7638E /* PEPMessage+PEPConvert.h */ = {isa = PBXFileReference; lastKnownFileType = sourcecode.c.h; path = "PEPMessage+PEPConvert.h"; sourceTree = "<group>"; };
		5B29DA2927A0439F00D7638E /* PEPMessage+PEPConvert.m */ = {isa = PBXFileReference; fileEncoding = 4; lastKnownFileType = sourcecode.c.objc; path = "PEPMessage+PEPConvert.m"; sourceTree = "<group>"; };
		5B29DA3627A0466E00D7638E /* PEPIdentity+PEPConvert.h */ = {isa = PBXFileReference; fileEncoding = 4; lastKnownFileType = sourcecode.c.h; path = "PEPIdentity+PEPConvert.h"; sourceTree = "<group>"; };
		5B29DA3727A0466E00D7638E /* PEPIdentity+PEPConvert.m */ = {isa = PBXFileReference; lastKnownFileType = sourcecode.c.objc; path = "PEPIdentity+PEPConvert.m"; sourceTree = "<group>"; };
		5B2F476B27BA5CAF003517EC /* PEPIdentityComparisonTest.m */ = {isa = PBXFileReference; lastKnownFileType = sourcecode.c.objc; path = PEPIdentityComparisonTest.m; sourceTree = "<group>"; };
		5B5ACE1527A1925800B34412 /* PEPStatusNSErrorUtil.m */ = {isa = PBXFileReference; lastKnownFileType = sourcecode.c.objc; path = PEPStatusNSErrorUtil.m; sourceTree = "<group>"; };
		5BAAF80127A936430037C55E /* PEPStatusNSErrorUtil.h */ = {isa = PBXFileReference; fileEncoding = 4; lastKnownFileType = sourcecode.c.h; path = PEPStatusNSErrorUtil.h; sourceTree = "<group>"; };
		5BC7CC7027A3F9360072AC5B /* NSArray+PEPIdentityList.h */ = {isa = PBXFileReference; lastKnownFileType = sourcecode.c.h; path = "NSArray+PEPIdentityList.h"; sourceTree = "<group>"; };
		5BC7CC7327A3F9760072AC5B /* NSArray+PEPIdentityList.m */ = {isa = PBXFileReference; lastKnownFileType = sourcecode.c.objc; path = "NSArray+PEPIdentityList.m"; sourceTree = "<group>"; };
		5BC7CC7627A3FD190072AC5B /* NSArray+PEPConvert.h */ = {isa = PBXFileReference; lastKnownFileType = sourcecode.c.h; path = "NSArray+PEPConvert.h"; sourceTree = "<group>"; };
		5BC7CC7727A3FD190072AC5B /* NSArray+PEPConvert.m */ = {isa = PBXFileReference; lastKnownFileType = sourcecode.c.objc; path = "NSArray+PEPConvert.m"; sourceTree = "<group>"; };
/* End PBXFileReference section */

/* Begin PBXFrameworksBuildPhase section */
		1585EA7A26984C4300B822E1 /* Frameworks */ = {
			isa = PBXFrameworksBuildPhase;
			buildActionMask = 2147483647;
			files = (
			);
			runOnlyForDeploymentPostprocessing = 0;
		};
		1585EB3A2698636C00B822E1 /* Frameworks */ = {
			isa = PBXFrameworksBuildPhase;
			buildActionMask = 2147483647;
			files = (
			);
			runOnlyForDeploymentPostprocessing = 0;
		};
		43312021292553A200DFD28C /* Frameworks */ = {
			isa = PBXFrameworksBuildPhase;
			buildActionMask = 2147483647;
			files = (
				433CE9CB2A026C8A000844EC /* libplanckCoreV3.a in Frameworks */,
				43C01E0629FBE2BC00386E0D /* libc++.tbd in Frameworks */,
				433120362925541400DFD28C /* libPEPObjCTypes_iOS.a in Frameworks */,
				43312028292553A200DFD28C /* libPEPObjCTypeUtils_iOS.a in Frameworks */,
			);
			runOnlyForDeploymentPostprocessing = 0;
		};
		43B0EACE274D21E100F5D076 /* Frameworks */ = {
			isa = PBXFrameworksBuildPhase;
			buildActionMask = 2147483647;
			files = (
				43D97EF1278D875D005EA014 /* libPEPObjCTypes_macOS.a in Frameworks */,
				43B0EAD5274D21E100F5D076 /* libPEPObjCTypeUtils_macOS.a in Frameworks */,
			);
			runOnlyForDeploymentPostprocessing = 0;
		};
/* End PBXFrameworksBuildPhase section */

/* Begin PBXGroup section */
		1585EA7326984C4300B822E1 = {
			isa = PBXGroup;
			children = (
				159805FA26CFC0C500593C9D /* PEPObjCTypes.xcodeproj */,
				1585EACB269850B400B822E1 /* planckCoreV3.xcodeproj */,
				1585EA7E26984C4300B822E1 /* PEPObjCTypeUtils */,
				43A6D57B292CF688004DA26B /* PEPObjCTypeUtils_iOS */,
				43B0EAD2274D21E100F5D076 /* PEPObjCTypeUtilsTests */,
				1585EA7D26984C4300B822E1 /* Products */,
				1585EADB269850C700B822E1 /* Frameworks */,
				435066972A00E3C400C0A6ED /* planckCoreV3.xcodeproj */,
			);
			sourceTree = "<group>";
		};
		1585EA7D26984C4300B822E1 /* Products */ = {
			isa = PBXGroup;
			children = (
				1585EA7C26984C4300B822E1 /* libPEPObjCTypeUtils_macOS.a */,
				1585EB3D2698636C00B822E1 /* libPEPObjCTypeUtils_iOS.a */,
				43B0EAD1274D21E100F5D076 /* PEPObjCTypeUtilsTests_macOS.xctest */,
				43312024292553A200DFD28C /* PEPObjCTypeUtilsTests_iOS.xctest */,
			);
			name = Products;
			sourceTree = "<group>";
		};
		1585EA7E26984C4300B822E1 /* PEPObjCTypeUtils */ = {
			isa = PBXGroup;
			children = (
				1585EA9526984DB800B822E1 /* PublicHeaders */,
				5B5ACE1427A1925800B34412 /* src */,
			);
			name = PEPObjCTypeUtils;
			path = ..;
			sourceTree = "<group>";
		};
		1585EA9526984DB800B822E1 /* PublicHeaders */ = {
			isa = PBXGroup;
			children = (
				1585EBC12698A8FC00B822E1 /* PEPObjCTypeUtils.h */,
				5BAAF80127A936430037C55E /* PEPStatusNSErrorUtil.h */,
				5BC7CC7627A3FD190072AC5B /* NSArray+PEPConvert.h */,
				5BC7CC7027A3F9360072AC5B /* NSArray+PEPIdentityList.h */,
				5B29DA3627A0466E00D7638E /* PEPIdentity+PEPConvert.h */,
				5B29DA2827A0439F00D7638E /* PEPMessage+PEPConvert.h */,
				5B11963927B41C3000FDF0B5 /* PEPIdentity+URIAddressScheme.h */,
			);
			path = PublicHeaders;
			sourceTree = "<group>";
		};
		1585EADB269850C700B822E1 /* Frameworks */ = {
			isa = PBXGroup;
			children = (
				43C01E0029FBE2BC00386E0D /* libc++.tbd */,
				4E51C1F926CD12EE007A2164 /* libPEPObjCTypes_macOS.a */,
			);
			name = Frameworks;
			sourceTree = "<group>";
		};
		4308F1FA2A0107A70020FAA5 /* Products */ = {
			isa = PBXGroup;
			children = (
				4308F2092A0107A70020FAA5 /* libplanckCoreV3.a */,
				4308F20B2A0107A70020FAA5 /* libplanckCoreV3_macOS.a */,
				4308F20D2A0107A70020FAA5 /* pEpTrustWords.bundle */,
			);
			name = Products;
			sourceTree = "<group>";
		};
		43431E09278D782A00A1AB63 /* Products */ = {
			isa = PBXGroup;
			children = (
				43431E10278D782A00A1AB63 /* libPEPObjCTypes_macOS.a */,
				43431E12278D782A00A1AB63 /* libPEPObjCTypes_iOS.a */,
				43431E14278D782A00A1AB63 /* PEPObjCTypesTests_iOS.xctest */,
				43431E16278D782A00A1AB63 /* PEPObjCTypesTests_macOS.xctest */,
			);
			name = Products;
			sourceTree = "<group>";
		};
		43A6D57B292CF688004DA26B /* PEPObjCTypeUtils_iOS */ = {
			isa = PBXGroup;
			children = (
				43A6D581292CF6DC004DA26B /* module.modulemap */,
			);
			path = PEPObjCTypeUtils_iOS;
			sourceTree = "<group>";
		};
		43B0EAD2274D21E100F5D076 /* PEPObjCTypeUtilsTests */ = {
			isa = PBXGroup;
			children = (
				439CA04B29262FA7003FAC02 /* PerMachineDirectory.m */,
				5B11964427B50B0900FDF0B5 /* PEPIdentityAddressTests.m */,
				5B2F476B27BA5CAF003517EC /* PEPIdentityComparisonTest.m */,
			);
			path = PEPObjCTypeUtilsTests;
			sourceTree = "<group>";
		};
		43C252BB2A00E71300C42B76 /* Products */ = {
			isa = PBXGroup;
			children = (
				43C252C52A00E71300C42B76 /* libplanckCoreV3.a */,
				43C252C72A00E71300C42B76 /* libplanckCoreV3_macOS.a */,
				43C252C92A00E71300C42B76 /* pEpTrustWords.bundle */,
			);
			name = Products;
			sourceTree = "<group>";
		};
		5B5ACE1427A1925800B34412 /* src */ = {
			isa = PBXGroup;
			children = (
				5B11963827B41C3000FDF0B5 /* PEPIdentity+URIAddressScheme.m */,
				5BC7CC7727A3FD190072AC5B /* NSArray+PEPConvert.m */,
				5BC7CC7327A3F9760072AC5B /* NSArray+PEPIdentityList.m */,
				5B29DA3727A0466E00D7638E /* PEPIdentity+PEPConvert.m */,
				5B29DA2927A0439F00D7638E /* PEPMessage+PEPConvert.m */,
				5B5ACE1527A1925800B34412 /* PEPStatusNSErrorUtil.m */,
			);
			path = src;
			sourceTree = "<group>";
		};
/* End PBXGroup section */

/* Begin PBXNativeTarget section */
		1585EA7B26984C4300B822E1 /* PEPObjCTypeUtils_macOS */ = {
			isa = PBXNativeTarget;
			buildConfigurationList = 1585EA8526984C4300B822E1 /* Build configuration list for PBXNativeTarget "PEPObjCTypeUtils_macOS" */;
			buildPhases = (
				1585EA7926984C4300B822E1 /* Sources */,
				1585EA7A26984C4300B822E1 /* Frameworks */,
				1585EA9626984E6F00B822E1 /* Copy Artifacts to Custom Build Dir */,
			);
			buildRules = (
			);
			dependencies = (
				43431E61278D7FDA00A1AB63 /* PBXTargetDependency */,
			);
			name = PEPObjCTypeUtils_macOS;
			productName = PEPObjCTypeUtils;
			productReference = 1585EA7C26984C4300B822E1 /* libPEPObjCTypeUtils_macOS.a */;
			productType = "com.apple.product-type.library.static";
		};
		1585EB3C2698636C00B822E1 /* PEPObjCTypeUtils_iOS */ = {
			isa = PBXNativeTarget;
			buildConfigurationList = 1585EB4A2698636C00B822E1 /* Build configuration list for PBXNativeTarget "PEPObjCTypeUtils_iOS" */;
			buildPhases = (
				1585EB392698636C00B822E1 /* Sources */,
				1585EB3A2698636C00B822E1 /* Frameworks */,
				1585EB3B2698636C00B822E1 /* CopyFiles */,
				1585EC78269C3DD000B822E1 /* Copy Artifacts to Custom Build dir */,
			);
			buildRules = (
			);
			dependencies = (
				43ACF0FD2A0109E7006A11D5 /* PBXTargetDependency */,
				430AEAFD2923A4B20033E381 /* PBXTargetDependency */,
			);
			name = PEPObjCTypeUtils_iOS;
			productName = PEPObjCTypeUtils_iOS;
			productReference = 1585EB3D2698636C00B822E1 /* libPEPObjCTypeUtils_iOS.a */;
			productType = "com.apple.product-type.library.static";
		};
		43312023292553A200DFD28C /* PEPObjCTypeUtilsTests_iOS */ = {
			isa = PBXNativeTarget;
			buildConfigurationList = 43312032292553A200DFD28C /* Build configuration list for PBXNativeTarget "PEPObjCTypeUtilsTests_iOS" */;
			buildPhases = (
				43312020292553A200DFD28C /* Sources */,
				43312021292553A200DFD28C /* Frameworks */,
				43312022292553A200DFD28C /* Resources */,
			);
			buildRules = (
			);
			dependencies = (
				4331202A292553A200DFD28C /* PBXTargetDependency */,
			);
			name = PEPObjCTypeUtilsTests_iOS;
			productName = PEPObjCTypeUtilsTests;
			productReference = 43312024292553A200DFD28C /* PEPObjCTypeUtilsTests_iOS.xctest */;
			productType = "com.apple.product-type.bundle.unit-test";
		};
		43B0EAD0274D21E100F5D076 /* PEPObjCTypeUtilsTests_macOS */ = {
			isa = PBXNativeTarget;
			buildConfigurationList = 43B0EADE274D21E100F5D076 /* Build configuration list for PBXNativeTarget "PEPObjCTypeUtilsTests_macOS" */;
			buildPhases = (
				43B0EACD274D21E100F5D076 /* Sources */,
				43B0EACE274D21E100F5D076 /* Frameworks */,
				43B0EACF274D21E100F5D076 /* Resources */,
			);
			buildRules = (
			);
			dependencies = (
				43B0EAD7274D21E100F5D076 /* PBXTargetDependency */,
			);
			name = PEPObjCTypeUtilsTests_macOS;
			productName = PEPObjCTypeUtilsTests_macOS;
			productReference = 43B0EAD1274D21E100F5D076 /* PEPObjCTypeUtilsTests_macOS.xctest */;
			productType = "com.apple.product-type.bundle.unit-test";
		};
/* End PBXNativeTarget section */

/* Begin PBXProject section */
		1585EA7426984C4300B822E1 /* Project object */ = {
			isa = PBXProject;
			attributes = {
				LastUpgradeCheck = 1250;
				TargetAttributes = {
					1585EA7B26984C4300B822E1 = {
						CreatedOnToolsVersion = 12.5;
					};
					1585EB3C2698636C00B822E1 = {
						CreatedOnToolsVersion = 12.5;
					};
					43312023292553A200DFD28C = {
						CreatedOnToolsVersion = 14.0;
					};
					43B0EAD0274D21E100F5D076 = {
						CreatedOnToolsVersion = 13.1;
					};
				};
			};
			buildConfigurationList = 1585EA7726984C4300B822E1 /* Build configuration list for PBXProject "PEPObjCTypeUtils" */;
			compatibilityVersion = "Xcode 9.3";
			developmentRegion = en;
			hasScannedForEncodings = 0;
			knownRegions = (
				en,
				Base,
			);
			mainGroup = 1585EA7326984C4300B822E1;
			productRefGroup = 1585EA7D26984C4300B822E1 /* Products */;
			projectDirPath = "";
			projectReferences = (
				{
					ProductGroup = 43431E09278D782A00A1AB63 /* Products */;
					ProjectRef = 159805FA26CFC0C500593C9D /* PEPObjCTypes.xcodeproj */;
				},
				{
					ProductGroup = 43C252BB2A00E71300C42B76 /* Products */;
					ProjectRef = 1585EACB269850B400B822E1 /* planckCoreV3.xcodeproj */;
				},
				{
					ProductGroup = 4308F1FA2A0107A70020FAA5 /* Products */;
					ProjectRef = 435066972A00E3C400C0A6ED /* planckCoreV3.xcodeproj */;
				},
			);
			projectRoot = "";
			targets = (
				1585EA7B26984C4300B822E1 /* PEPObjCTypeUtils_macOS */,
				1585EB3C2698636C00B822E1 /* PEPObjCTypeUtils_iOS */,
				43B0EAD0274D21E100F5D076 /* PEPObjCTypeUtilsTests_macOS */,
				43312023292553A200DFD28C /* PEPObjCTypeUtilsTests_iOS */,
			);
		};
/* End PBXProject section */

/* Begin PBXReferenceProxy section */
		4308F2092A0107A70020FAA5 /* libplanckCoreV3.a */ = {
			isa = PBXReferenceProxy;
			fileType = archive.ar;
			path = libplanckCoreV3.a;
			remoteRef = 4308F2082A0107A70020FAA5 /* PBXContainerItemProxy */;
			sourceTree = BUILT_PRODUCTS_DIR;
		};
		4308F20B2A0107A70020FAA5 /* libplanckCoreV3_macOS.a */ = {
			isa = PBXReferenceProxy;
			fileType = archive.ar;
			path = libplanckCoreV3_macOS.a;
			remoteRef = 4308F20A2A0107A70020FAA5 /* PBXContainerItemProxy */;
			sourceTree = BUILT_PRODUCTS_DIR;
		};
		4308F20D2A0107A70020FAA5 /* pEpTrustWords.bundle */ = {
			isa = PBXReferenceProxy;
			fileType = wrapper.cfbundle;
			path = pEpTrustWords.bundle;
			remoteRef = 4308F20C2A0107A70020FAA5 /* PBXContainerItemProxy */;
			sourceTree = BUILT_PRODUCTS_DIR;
		};
		43431E10278D782A00A1AB63 /* libPEPObjCTypes_macOS.a */ = {
			isa = PBXReferenceProxy;
			fileType = archive.ar;
			path = libPEPObjCTypes_macOS.a;
			remoteRef = 43431E0F278D782A00A1AB63 /* PBXContainerItemProxy */;
			sourceTree = BUILT_PRODUCTS_DIR;
		};
		43431E12278D782A00A1AB63 /* libPEPObjCTypes_iOS.a */ = {
			isa = PBXReferenceProxy;
			fileType = archive.ar;
			path = libPEPObjCTypes_iOS.a;
			remoteRef = 43431E11278D782A00A1AB63 /* PBXContainerItemProxy */;
			sourceTree = BUILT_PRODUCTS_DIR;
		};
		43431E14278D782A00A1AB63 /* PEPObjCTypesTests_iOS.xctest */ = {
			isa = PBXReferenceProxy;
			fileType = wrapper.cfbundle;
			path = PEPObjCTypesTests_iOS.xctest;
			remoteRef = 43431E13278D782A00A1AB63 /* PBXContainerItemProxy */;
			sourceTree = BUILT_PRODUCTS_DIR;
		};
		43431E16278D782A00A1AB63 /* PEPObjCTypesTests_macOS.xctest */ = {
			isa = PBXReferenceProxy;
			fileType = wrapper.cfbundle;
			path = PEPObjCTypesTests_macOS.xctest;
			remoteRef = 43431E15278D782A00A1AB63 /* PBXContainerItemProxy */;
			sourceTree = BUILT_PRODUCTS_DIR;
		};
		43C252C52A00E71300C42B76 /* libplanckCoreV3.a */ = {
			isa = PBXReferenceProxy;
			fileType = archive.ar;
			path = libplanckCoreV3.a;
			remoteRef = 43C252C42A00E71300C42B76 /* PBXContainerItemProxy */;
			sourceTree = BUILT_PRODUCTS_DIR;
		};
		43C252C72A00E71300C42B76 /* libplanckCoreV3_macOS.a */ = {
			isa = PBXReferenceProxy;
			fileType = archive.ar;
			path = libplanckCoreV3_macOS.a;
			remoteRef = 43C252C62A00E71300C42B76 /* PBXContainerItemProxy */;
			sourceTree = BUILT_PRODUCTS_DIR;
		};
		43C252C92A00E71300C42B76 /* pEpTrustWords.bundle */ = {
			isa = PBXReferenceProxy;
			fileType = wrapper.cfbundle;
			path = pEpTrustWords.bundle;
			remoteRef = 43C252C82A00E71300C42B76 /* PBXContainerItemProxy */;
			sourceTree = BUILT_PRODUCTS_DIR;
		};
/* End PBXReferenceProxy section */

/* Begin PBXResourcesBuildPhase section */
		43312022292553A200DFD28C /* Resources */ = {
			isa = PBXResourcesBuildPhase;
			buildActionMask = 2147483647;
			files = (
			);
			runOnlyForDeploymentPostprocessing = 0;
		};
		43B0EACF274D21E100F5D076 /* Resources */ = {
			isa = PBXResourcesBuildPhase;
			buildActionMask = 2147483647;
			files = (
			);
			runOnlyForDeploymentPostprocessing = 0;
		};
/* End PBXResourcesBuildPhase section */

/* Begin PBXShellScriptBuildPhase section */
		1585EA9626984E6F00B822E1 /* Copy Artifacts to Custom Build Dir */ = {
			isa = PBXShellScriptBuildPhase;
			buildActionMask = 2147483647;
			files = (
			);
			inputFileListPaths = (
			);
			inputPaths = (
			);
			name = "Copy Artifacts to Custom Build Dir";
			outputFileListPaths = (
			);
			outputPaths = (
			);
			runOnlyForDeploymentPostprocessing = 0;
			shellPath = /bin/sh;
			shellScript = "CUSTOM_BUILD_DIR=${PROJECT_DIR}/build\nCUSTOM_INCLUDE_DIR=${CUSTOM_BUILD_DIR}/include\nmkdir -p ${CUSTOM_INCLUDE_DIR}\n\ncp \"${PROJECT_DIR}/../PublicHeaders\"/*.h ${CUSTOM_INCLUDE_DIR}\ncp \"${BUILT_PRODUCTS_DIR}/lib${PRODUCT_NAME}.a\" ${CUSTOM_BUILD_DIR}\n";
			showEnvVarsInLog = 0;
		};
		1585EC78269C3DD000B822E1 /* Copy Artifacts to Custom Build dir */ = {
			isa = PBXShellScriptBuildPhase;
			buildActionMask = 2147483647;
			files = (
			);
			inputFileListPaths = (
			);
			inputPaths = (
			);
			name = "Copy Artifacts to Custom Build dir";
			outputFileListPaths = (
			);
			outputPaths = (
			);
			runOnlyForDeploymentPostprocessing = 0;
			shellPath = /bin/sh;
			shellScript = "CUSTOM_BUILD_DIR=${PROJECT_DIR}/build\nCUSTOM_INCLUDE_DIR=${CUSTOM_BUILD_DIR}/include\nmkdir -p ${CUSTOM_INCLUDE_DIR}\n\ncp \"${PROJECT_DIR}/../PublicHeaders\"/*.h ${CUSTOM_INCLUDE_DIR}\ncp \"${BUILT_PRODUCTS_DIR}/lib${PRODUCT_NAME}.a\" ${CUSTOM_BUILD_DIR}\n";
		};
/* End PBXShellScriptBuildPhase section */

/* Begin PBXSourcesBuildPhase section */
		1585EA7926984C4300B822E1 /* Sources */ = {
			isa = PBXSourcesBuildPhase;
			buildActionMask = 2147483647;
			files = (
				5B29DA2C27A0439F00D7638E /* PEPMessage+PEPConvert.m in Sources */,
				5BC7CC7427A3F9760072AC5B /* NSArray+PEPIdentityList.m in Sources */,
				5BC7CC7A27A3FD190072AC5B /* NSArray+PEPConvert.m in Sources */,
				5B11963A27B41C3000FDF0B5 /* PEPIdentity+URIAddressScheme.m in Sources */,
				5B29DA3A27A0466E00D7638E /* PEPIdentity+PEPConvert.m in Sources */,
				5B5ACF9B27A19B2200B34412 /* PEPStatusNSErrorUtil.m in Sources */,
			);
			runOnlyForDeploymentPostprocessing = 0;
		};
		1585EB392698636C00B822E1 /* Sources */ = {
			isa = PBXSourcesBuildPhase;
			buildActionMask = 2147483647;
			files = (
				5B29DA2D27A0439F00D7638E /* PEPMessage+PEPConvert.m in Sources */,
				5BC7CC7527A3F9760072AC5B /* NSArray+PEPIdentityList.m in Sources */,
				5BC7CC7B27A3FD190072AC5B /* NSArray+PEPConvert.m in Sources */,
				5B11963B27B41C3000FDF0B5 /* PEPIdentity+URIAddressScheme.m in Sources */,
				5B29DA3B27A0466E00D7638E /* PEPIdentity+PEPConvert.m in Sources */,
				5B5ACF9A27A19B2100B34412 /* PEPStatusNSErrorUtil.m in Sources */,
			);
			runOnlyForDeploymentPostprocessing = 0;
		};
		43312020292553A200DFD28C /* Sources */ = {
			isa = PBXSourcesBuildPhase;
			buildActionMask = 2147483647;
			files = (
				43312034292553F200DFD28C /* PEPIdentityAddressTests.m in Sources */,
				439CA04D29262FA7003FAC02 /* PerMachineDirectory.m in Sources */,
				43312035292553F500DFD28C /* PEPIdentityComparisonTest.m in Sources */,
			);
			runOnlyForDeploymentPostprocessing = 0;
		};
		43B0EACD274D21E100F5D076 /* Sources */ = {
			isa = PBXSourcesBuildPhase;
			buildActionMask = 2147483647;
			files = (
				5B2F476C27BA5CAF003517EC /* PEPIdentityComparisonTest.m in Sources */,
				439CA04C29262FA7003FAC02 /* PerMachineDirectory.m in Sources */,
				5B11964527B50B0A00FDF0B5 /* PEPIdentityAddressTests.m in Sources */,
			);
			runOnlyForDeploymentPostprocessing = 0;
		};
/* End PBXSourcesBuildPhase section */

/* Begin PBXTargetDependency section */
		430AEAFD2923A4B20033E381 /* PBXTargetDependency */ = {
			isa = PBXTargetDependency;
			name = PEPObjCTypes_iOS;
			targetProxy = 430AEAFC2923A4B20033E381 /* PBXContainerItemProxy */;
		};
		4331202A292553A200DFD28C /* PBXTargetDependency */ = {
			isa = PBXTargetDependency;
			target = 1585EB3C2698636C00B822E1 /* PEPObjCTypeUtils_iOS */;
			targetProxy = 43312029292553A200DFD28C /* PBXContainerItemProxy */;
		};
		43431E61278D7FDA00A1AB63 /* PBXTargetDependency */ = {
			isa = PBXTargetDependency;
			name = PEPObjCTypes_macOS;
			targetProxy = 43431E60278D7FDA00A1AB63 /* PBXContainerItemProxy */;
		};
		43ACF0FD2A0109E7006A11D5 /* PBXTargetDependency */ = {
			isa = PBXTargetDependency;
			name = planckCoreV3;
			targetProxy = 43ACF0FC2A0109E7006A11D5 /* PBXContainerItemProxy */;
		};
		43B0EAD7274D21E100F5D076 /* PBXTargetDependency */ = {
			isa = PBXTargetDependency;
			target = 1585EA7B26984C4300B822E1 /* PEPObjCTypeUtils_macOS */;
			targetProxy = 43B0EAD6274D21E100F5D076 /* PBXContainerItemProxy */;
		};
/* End PBXTargetDependency section */

/* Begin XCBuildConfiguration section */
		1585EA8326984C4300B822E1 /* Debug */ = {
			isa = XCBuildConfiguration;
			buildSettings = {
				ALWAYS_SEARCH_USER_PATHS = NO;
				CLANG_ANALYZER_NONNULL = YES;
				CLANG_ANALYZER_NUMBER_OBJECT_CONVERSION = YES_AGGRESSIVE;
				CLANG_CXX_LANGUAGE_STANDARD = "gnu++14";
				CLANG_CXX_LIBRARY = "libc++";
				CLANG_ENABLE_MODULES = YES;
				CLANG_ENABLE_OBJC_ARC = YES;
				CLANG_ENABLE_OBJC_WEAK = YES;
				CLANG_WARN_BLOCK_CAPTURE_AUTORELEASING = YES;
				CLANG_WARN_BOOL_CONVERSION = YES;
				CLANG_WARN_COMMA = YES;
				CLANG_WARN_CONSTANT_CONVERSION = YES;
				CLANG_WARN_DEPRECATED_OBJC_IMPLEMENTATIONS = YES;
				CLANG_WARN_DIRECT_OBJC_ISA_USAGE = YES_ERROR;
				CLANG_WARN_DOCUMENTATION_COMMENTS = YES;
				CLANG_WARN_EMPTY_BODY = YES;
				CLANG_WARN_ENUM_CONVERSION = YES;
				CLANG_WARN_INFINITE_RECURSION = YES;
				CLANG_WARN_INT_CONVERSION = YES;
				CLANG_WARN_NON_LITERAL_NULL_CONVERSION = YES;
				CLANG_WARN_OBJC_IMPLICIT_RETAIN_SELF = YES;
				CLANG_WARN_OBJC_LITERAL_CONVERSION = YES;
				CLANG_WARN_OBJC_ROOT_CLASS = YES_ERROR;
				CLANG_WARN_QUOTED_INCLUDE_IN_FRAMEWORK_HEADER = YES;
				CLANG_WARN_RANGE_LOOP_ANALYSIS = YES;
				CLANG_WARN_STRICT_PROTOTYPES = YES;
				CLANG_WARN_SUSPICIOUS_MOVE = YES;
				CLANG_WARN_UNGUARDED_AVAILABILITY = YES_AGGRESSIVE;
				CLANG_WARN_UNREACHABLE_CODE = YES;
				CLANG_WARN__DUPLICATE_METHOD_MATCH = YES;
				COPY_PHASE_STRIP = NO;
				DEBUG_INFORMATION_FORMAT = dwarf;
				ENABLE_STRICT_OBJC_MSGSEND = YES;
				ENABLE_TESTABILITY = YES;
				GCC_C_LANGUAGE_STANDARD = gnu11;
				GCC_DYNAMIC_NO_PIC = NO;
				GCC_NO_COMMON_BLOCKS = YES;
				GCC_OPTIMIZATION_LEVEL = 0;
				GCC_PREPROCESSOR_DEFINITIONS = (
					"DEBUG=1",
					"$(inherited)",
				);
				GCC_WARN_64_TO_32_BIT_CONVERSION = YES;
				GCC_WARN_ABOUT_RETURN_TYPE = YES_ERROR;
				GCC_WARN_UNDECLARED_SELECTOR = YES;
				GCC_WARN_UNINITIALIZED_AUTOS = YES_AGGRESSIVE;
				GCC_WARN_UNUSED_FUNCTION = YES;
				GCC_WARN_UNUSED_VARIABLE = YES;
				HEADER_SEARCH_PATHS = (
					"${PROJECT_DIR}/../../../../planckCoreV3/build-mac/build/include/",
					"${PROJECT_DIR}/../../../../planckCoreV3/build-mac/build/include/pEp",
					"${PROJECT_DIR}/../../PEPObjCTypes/build-mac/build/include",
					"${PROJECT_DIR}/../../../../libpEpTransport/build-mac/build/include",
				);
				IPHONEOS_DEPLOYMENT_TARGET = 12.0;
				MACOSX_DEPLOYMENT_TARGET = 10.10;
				MTL_ENABLE_DEBUG_INFO = INCLUDE_SOURCE;
				MTL_FAST_MATH = YES;
				ONLY_ACTIVE_ARCH = YES;
				OTHER_LDFLAGS = (
					"$(OTHER_LDFLAGS)",
					"-ObjC",
				);
				SDKROOT = macosx;
			};
			name = Debug;
		};
		1585EA8426984C4300B822E1 /* Release */ = {
			isa = XCBuildConfiguration;
			buildSettings = {
				ALWAYS_SEARCH_USER_PATHS = NO;
				CLANG_ANALYZER_NONNULL = YES;
				CLANG_ANALYZER_NUMBER_OBJECT_CONVERSION = YES_AGGRESSIVE;
				CLANG_CXX_LANGUAGE_STANDARD = "gnu++14";
				CLANG_CXX_LIBRARY = "libc++";
				CLANG_ENABLE_MODULES = YES;
				CLANG_ENABLE_OBJC_ARC = YES;
				CLANG_ENABLE_OBJC_WEAK = YES;
				CLANG_WARN_BLOCK_CAPTURE_AUTORELEASING = YES;
				CLANG_WARN_BOOL_CONVERSION = YES;
				CLANG_WARN_COMMA = YES;
				CLANG_WARN_CONSTANT_CONVERSION = YES;
				CLANG_WARN_DEPRECATED_OBJC_IMPLEMENTATIONS = YES;
				CLANG_WARN_DIRECT_OBJC_ISA_USAGE = YES_ERROR;
				CLANG_WARN_DOCUMENTATION_COMMENTS = YES;
				CLANG_WARN_EMPTY_BODY = YES;
				CLANG_WARN_ENUM_CONVERSION = YES;
				CLANG_WARN_INFINITE_RECURSION = YES;
				CLANG_WARN_INT_CONVERSION = YES;
				CLANG_WARN_NON_LITERAL_NULL_CONVERSION = YES;
				CLANG_WARN_OBJC_IMPLICIT_RETAIN_SELF = YES;
				CLANG_WARN_OBJC_LITERAL_CONVERSION = YES;
				CLANG_WARN_OBJC_ROOT_CLASS = YES_ERROR;
				CLANG_WARN_QUOTED_INCLUDE_IN_FRAMEWORK_HEADER = YES;
				CLANG_WARN_RANGE_LOOP_ANALYSIS = YES;
				CLANG_WARN_STRICT_PROTOTYPES = YES;
				CLANG_WARN_SUSPICIOUS_MOVE = YES;
				CLANG_WARN_UNGUARDED_AVAILABILITY = YES_AGGRESSIVE;
				CLANG_WARN_UNREACHABLE_CODE = YES;
				CLANG_WARN__DUPLICATE_METHOD_MATCH = YES;
				COPY_PHASE_STRIP = NO;
				DEBUG_INFORMATION_FORMAT = "dwarf-with-dsym";
				ENABLE_NS_ASSERTIONS = NO;
				ENABLE_STRICT_OBJC_MSGSEND = YES;
				GCC_C_LANGUAGE_STANDARD = gnu11;
				GCC_NO_COMMON_BLOCKS = YES;
				GCC_WARN_64_TO_32_BIT_CONVERSION = YES;
				GCC_WARN_ABOUT_RETURN_TYPE = YES_ERROR;
				GCC_WARN_UNDECLARED_SELECTOR = YES;
				GCC_WARN_UNINITIALIZED_AUTOS = YES_AGGRESSIVE;
				GCC_WARN_UNUSED_FUNCTION = YES;
				GCC_WARN_UNUSED_VARIABLE = YES;
				HEADER_SEARCH_PATHS = (
					"${PROJECT_DIR}/../../../../planckCoreV3/build-mac/build/include/",
					"${PROJECT_DIR}/../../../../planckCoreV3/build-mac/build/include/pEp",
					"${PROJECT_DIR}/../../PEPObjCTypes/build-mac/build/include",
					"${PROJECT_DIR}/../../../../libpEpTransport/build-mac/build/include",
				);
				IPHONEOS_DEPLOYMENT_TARGET = 12.0;
				MACOSX_DEPLOYMENT_TARGET = 10.10;
				MTL_ENABLE_DEBUG_INFO = NO;
				MTL_FAST_MATH = YES;
				OTHER_LDFLAGS = (
					"$(OTHER_LDFLAGS)",
					"-ObjC",
				);
				SDKROOT = macosx;
			};
			name = Release;
		};
		1585EA8626984C4300B822E1 /* Debug */ = {
			isa = XCBuildConfiguration;
			buildSettings = {
				CODE_SIGN_STYLE = Automatic;
				DEVELOPMENT_TEAM = NQLYU6MGPN;
				EXECUTABLE_PREFIX = lib;
				PRODUCT_NAME = "$(TARGET_NAME)";
				SKIP_INSTALL = YES;
			};
			name = Debug;
		};
		1585EA8726984C4300B822E1 /* Release */ = {
			isa = XCBuildConfiguration;
			buildSettings = {
				CODE_SIGN_STYLE = Automatic;
				DEVELOPMENT_TEAM = NQLYU6MGPN;
				EXECUTABLE_PREFIX = lib;
				PRODUCT_NAME = "$(TARGET_NAME)";
				SKIP_INSTALL = YES;
			};
			name = Release;
		};
		1585EB432698636C00B822E1 /* Debug */ = {
			isa = XCBuildConfiguration;
			buildSettings = {
				CODE_SIGN_STYLE = Automatic;
				DEVELOPMENT_TEAM = NQLYU6MGPN;
				OTHER_LDFLAGS = "-ObjC";
				PRODUCT_NAME = "$(TARGET_NAME)";
				SDKROOT = iphoneos;
				SKIP_INSTALL = YES;
				TARGETED_DEVICE_FAMILY = "1,2";
			};
			name = Debug;
		};
		1585EB442698636C00B822E1 /* Release */ = {
			isa = XCBuildConfiguration;
			buildSettings = {
				CODE_SIGN_STYLE = Automatic;
				DEVELOPMENT_TEAM = NQLYU6MGPN;
				OTHER_LDFLAGS = "-ObjC";
				PRODUCT_NAME = "$(TARGET_NAME)";
				SDKROOT = iphoneos;
				SKIP_INSTALL = YES;
				TARGETED_DEVICE_FAMILY = "1,2";
				VALIDATE_PRODUCT = YES;
			};
			name = Release;
		};
		4331202B292553A200DFD28C /* Debug */ = {
			isa = XCBuildConfiguration;
			buildSettings = {
				CLANG_CXX_LANGUAGE_STANDARD = "gnu++20";
				CODE_SIGN_STYLE = Automatic;
				CURRENT_PROJECT_VERSION = 1;
				DEVELOPMENT_TEAM = NQLYU6MGPN;
				GENERATE_INFOPLIST_FILE = YES;
				IPHONEOS_DEPLOYMENT_TARGET = 16.0;
				MARKETING_VERSION = 1.0;
				PRODUCT_BUNDLE_IDENTIFIER = "security.pEp.PEPObjCTypeUtilsTests-iOS.PEPObjCTypeUtilsTests";
				PRODUCT_NAME = "$(TARGET_NAME)";
				SDKROOT = iphoneos;
				SWIFT_EMIT_LOC_STRINGS = NO;
				TARGETED_DEVICE_FAMILY = "1,2";
			};
			name = Debug;
		};
		4331202C292553A200DFD28C /* Release */ = {
			isa = XCBuildConfiguration;
			buildSettings = {
				CLANG_CXX_LANGUAGE_STANDARD = "gnu++20";
				CODE_SIGN_STYLE = Automatic;
				CURRENT_PROJECT_VERSION = 1;
				DEVELOPMENT_TEAM = NQLYU6MGPN;
				GENERATE_INFOPLIST_FILE = YES;
				IPHONEOS_DEPLOYMENT_TARGET = 16.0;
				MARKETING_VERSION = 1.0;
				PRODUCT_BUNDLE_IDENTIFIER = "security.pEp.PEPObjCTypeUtilsTests-iOS.PEPObjCTypeUtilsTests";
				PRODUCT_NAME = "$(TARGET_NAME)";
				SDKROOT = iphoneos;
				SWIFT_EMIT_LOC_STRINGS = NO;
				TARGETED_DEVICE_FAMILY = "1,2";
				VALIDATE_PRODUCT = YES;
			};
			name = Release;
		};
		43B0EAD8274D21E100F5D076 /* Debug */ = {
			isa = XCBuildConfiguration;
			buildSettings = {
				CLANG_CXX_LANGUAGE_STANDARD = "gnu++17";
				CODE_SIGN_STYLE = Automatic;
				COMBINE_HIDPI_IMAGES = YES;
				CURRENT_PROJECT_VERSION = 1;
				DEVELOPMENT_TEAM = NQLYU6MGPN;
				GENERATE_INFOPLIST_FILE = YES;
				LD_RUNPATH_SEARCH_PATHS = (
					"$(inherited)",
					"@executable_path/../Frameworks",
					"@loader_path/../Frameworks",
				);
				MACOSX_DEPLOYMENT_TARGET = 11.5;
				MARKETING_VERSION = 1.0;
				PRODUCT_BUNDLE_IDENTIFIER = "security.pEp.PEPObjCTypeUtilsTests-macOS";
				PRODUCT_NAME = "$(TARGET_NAME)";
				SWIFT_EMIT_LOC_STRINGS = NO;
			};
			name = Debug;
		};
		43B0EAD9274D21E100F5D076 /* Release */ = {
			isa = XCBuildConfiguration;
			buildSettings = {
				CLANG_CXX_LANGUAGE_STANDARD = "gnu++17";
				CODE_SIGN_STYLE = Automatic;
				COMBINE_HIDPI_IMAGES = YES;
				CURRENT_PROJECT_VERSION = 1;
				DEVELOPMENT_TEAM = NQLYU6MGPN;
				GENERATE_INFOPLIST_FILE = YES;
				LD_RUNPATH_SEARCH_PATHS = (
					"$(inherited)",
					"@executable_path/../Frameworks",
					"@loader_path/../Frameworks",
				);
				MACOSX_DEPLOYMENT_TARGET = 11.5;
				MARKETING_VERSION = 1.0;
				PRODUCT_BUNDLE_IDENTIFIER = "security.pEp.PEPObjCTypeUtilsTests-macOS";
				PRODUCT_NAME = "$(TARGET_NAME)";
				SWIFT_EMIT_LOC_STRINGS = NO;
			};
			name = Release;
		};
/* End XCBuildConfiguration section */

/* Begin XCConfigurationList section */
		1585EA7726984C4300B822E1 /* Build configuration list for PBXProject "PEPObjCTypeUtils" */ = {
			isa = XCConfigurationList;
			buildConfigurations = (
				1585EA8326984C4300B822E1 /* Debug */,
				1585EA8426984C4300B822E1 /* Release */,
			);
			defaultConfigurationIsVisible = 0;
			defaultConfigurationName = Release;
		};
		1585EA8526984C4300B822E1 /* Build configuration list for PBXNativeTarget "PEPObjCTypeUtils_macOS" */ = {
			isa = XCConfigurationList;
			buildConfigurations = (
				1585EA8626984C4300B822E1 /* Debug */,
				1585EA8726984C4300B822E1 /* Release */,
			);
			defaultConfigurationIsVisible = 0;
			defaultConfigurationName = Release;
		};
		1585EB4A2698636C00B822E1 /* Build configuration list for PBXNativeTarget "PEPObjCTypeUtils_iOS" */ = {
			isa = XCConfigurationList;
			buildConfigurations = (
				1585EB432698636C00B822E1 /* Debug */,
				1585EB442698636C00B822E1 /* Release */,
			);
			defaultConfigurationIsVisible = 0;
			defaultConfigurationName = Release;
		};
		43312032292553A200DFD28C /* Build configuration list for PBXNativeTarget "PEPObjCTypeUtilsTests_iOS" */ = {
			isa = XCConfigurationList;
			buildConfigurations = (
				4331202B292553A200DFD28C /* Debug */,
				4331202C292553A200DFD28C /* Release */,
			);
			defaultConfigurationIsVisible = 0;
			defaultConfigurationName = Release;
		};
		43B0EADE274D21E100F5D076 /* Build configuration list for PBXNativeTarget "PEPObjCTypeUtilsTests_macOS" */ = {
			isa = XCConfigurationList;
			buildConfigurations = (
				43B0EAD8274D21E100F5D076 /* Debug */,
				43B0EAD9274D21E100F5D076 /* Release */,
			);
			defaultConfigurationIsVisible = 0;
			defaultConfigurationName = Release;
		};
/* End XCConfigurationList section */
	};
	rootObject = 1585EA7426984C4300B822E1 /* Project object */;
}
