// !$*UTF8*$!
{
	archiveVersion = 1;
	classes = {
	};
	objectVersion = 50;
	objects = {

/* Begin PBXBuildFile section */
		1585EBC32698A8FC00B822E1 /* PEPObjCTypeUtils.h in Headers */ = {isa = PBXBuildFile; fileRef = 1585EBC12698A8FC00B822E1 /* PEPObjCTypeUtils.h */; settings = {ATTRIBUTES = (Public, ); }; };
		1585EC79269C3E1700B822E1 /* PEPObjCTypeUtils.h in Headers */ = {isa = PBXBuildFile; fileRef = 1585EBC12698A8FC00B822E1 /* PEPObjCTypeUtils.h */; settings = {ATTRIBUTES = (Public, ); }; };
		1598062A26CFCA0000593C9D /* libPEPObjCTypes_iOS.a in Frameworks */ = {isa = PBXBuildFile; fileRef = 1598060326CFC0C500593C9D /* libPEPObjCTypes_iOS.a */; };
		15BD2FB32734487F00B1B1F5 /* PEPObjCTypeConversionUtil.h in Headers */ = {isa = PBXBuildFile; fileRef = 15BD2FB12734487F00B1B1F5 /* PEPObjCTypeConversionUtil.h */; settings = {ATTRIBUTES = (Public, ); }; };
		15BD2FB42734487F00B1B1F5 /* PEPObjCTypeConversionUtil.h in Headers */ = {isa = PBXBuildFile; fileRef = 15BD2FB12734487F00B1B1F5 /* PEPObjCTypeConversionUtil.h */; settings = {ATTRIBUTES = (Public, ); }; };
		15BD2FB52734487F00B1B1F5 /* PEPObjCTypeConversionUtil.m in Sources */ = {isa = PBXBuildFile; fileRef = 15BD2FB22734487F00B1B1F5 /* PEPObjCTypeConversionUtil.m */; };
		15BD2FB62734487F00B1B1F5 /* PEPObjCTypeConversionUtil.m in Sources */ = {isa = PBXBuildFile; fileRef = 15BD2FB22734487F00B1B1F5 /* PEPObjCTypeConversionUtil.m */; };
		15BD31722742820400B1B1F5 /* PEPStatusNSErrorUtil.h in Headers */ = {isa = PBXBuildFile; fileRef = 15BD31702742820400B1B1F5 /* PEPStatusNSErrorUtil.h */; };
		15BD31732742820400B1B1F5 /* PEPStatusNSErrorUtil.h in Headers */ = {isa = PBXBuildFile; fileRef = 15BD31702742820400B1B1F5 /* PEPStatusNSErrorUtil.h */; };
		15BD31742742820400B1B1F5 /* PEPStatusNSErrorUtil.m in Sources */ = {isa = PBXBuildFile; fileRef = 15BD31712742820400B1B1F5 /* PEPStatusNSErrorUtil.m */; };
		15BD31752742820400B1B1F5 /* PEPStatusNSErrorUtil.m in Sources */ = {isa = PBXBuildFile; fileRef = 15BD31712742820400B1B1F5 /* PEPStatusNSErrorUtil.m */; };
		43B0EAC0274D1E7B00F5D076 /* PEPMessage+ASN1.m in Sources */ = {isa = PBXBuildFile; fileRef = 43B0EABB274D1E7B00F5D076 /* PEPMessage+ASN1.m */; };
		43B0EAC1274D1E7B00F5D076 /* PEPMessage+ASN1.m in Sources */ = {isa = PBXBuildFile; fileRef = 43B0EABB274D1E7B00F5D076 /* PEPMessage+ASN1.m */; };
		43B0EAC3274D1EA700F5D076 /* PEPMessage+ASN1.h in Headers */ = {isa = PBXBuildFile; fileRef = 43B0EAC2274D1EA700F5D076 /* PEPMessage+ASN1.h */; };
		43B0EAC4274D1EA700F5D076 /* PEPMessage+ASN1.h in Headers */ = {isa = PBXBuildFile; fileRef = 43B0EAC2274D1EA700F5D076 /* PEPMessage+ASN1.h */; };
		43B0EAD5274D21E100F5D076 /* libPEPObjCTypeUtils_macOS.a in Frameworks */ = {isa = PBXBuildFile; fileRef = 1585EA7C26984C4300B822E1 /* libPEPObjCTypeUtils_macOS.a */; };
		43B0EAE0274D222000F5D076 /* PEPMessageASN1Tests.m in Sources */ = {isa = PBXBuildFile; fileRef = 43B0EADF274D222000F5D076 /* PEPMessageASN1Tests.m */; };
		4E89010726CF900B00A683E9 /* libPEPObjCTypes_macOS.a in Frameworks */ = {isa = PBXBuildFile; fileRef = 4E51C1F926CD12EE007A2164 /* libPEPObjCTypes_macOS.a */; };
/* End PBXBuildFile section */

/* Begin PBXContainerItemProxy section */
		1585EC90269C51EC00B822E1 /* PBXContainerItemProxy */ = {
			isa = PBXContainerItemProxy;
			containerPortal = 1585EACB269850B400B822E1 /* pEpEngine.xcodeproj */;
			proxyType = 2;
			remoteGlobalIDString = 64796A3F1B455AA5004B1C24;
			remoteInfo = pEpEngine;
		};
		1585EC92269C51EC00B822E1 /* PBXContainerItemProxy */ = {
			isa = PBXContainerItemProxy;
			containerPortal = 1585EACB269850B400B822E1 /* pEpEngine.xcodeproj */;
			proxyType = 2;
			remoteGlobalIDString = 1552DB112577D4F100A92F71;
			remoteInfo = pEpEngine_macOS;
		};
		1585EC94269C51EC00B822E1 /* PBXContainerItemProxy */ = {
			isa = PBXContainerItemProxy;
			containerPortal = 1585EACB269850B400B822E1 /* pEpEngine.xcodeproj */;
			proxyType = 2;
			remoteGlobalIDString = 644297BF1BE11C65002BC73B;
			remoteInfo = pEpTrustWords;
		};
		1585ECC3269C5A0800B822E1 /* PBXContainerItemProxy */ = {
			isa = PBXContainerItemProxy;
			containerPortal = 1585EACB269850B400B822E1 /* pEpEngine.xcodeproj */;
			proxyType = 1;
			remoteGlobalIDString = 1552DB102577D4F100A92F71;
			remoteInfo = pEpEngine_macOS;
		};
		1585ED59269C6B9F00B822E1 /* PBXContainerItemProxy */ = {
			isa = PBXContainerItemProxy;
			containerPortal = 1585EACB269850B400B822E1 /* pEpEngine.xcodeproj */;
			proxyType = 1;
			remoteGlobalIDString = 64796A3E1B455AA5004B1C24;
			remoteInfo = pEpEngine;
		};
		1598060026CFC0C500593C9D /* PBXContainerItemProxy */ = {
			isa = PBXContainerItemProxy;
			containerPortal = 159805FA26CFC0C500593C9D /* PEPObjCTypes.xcodeproj */;
			proxyType = 2;
			remoteGlobalIDString = 4E575858268329170084F02D;
			remoteInfo = PEPObjCTypes_macOS;
		};
		1598060226CFC0C500593C9D /* PBXContainerItemProxy */ = {
			isa = PBXContainerItemProxy;
			containerPortal = 159805FA26CFC0C500593C9D /* PEPObjCTypes.xcodeproj */;
			proxyType = 2;
			remoteGlobalIDString = 4E575865268329A20084F02D;
			remoteInfo = PEPObjCTypes_iOS;
		};
		1598060426CFC0C500593C9D /* PBXContainerItemProxy */ = {
			isa = PBXContainerItemProxy;
			containerPortal = 159805FA26CFC0C500593C9D /* PEPObjCTypes.xcodeproj */;
			proxyType = 2;
			remoteGlobalIDString = 4E5758BF26833D140084F02D;
			remoteInfo = PEPObjCTypesTests_iOS;
		};
		1598060E26CFC2E000593C9D /* PBXContainerItemProxy */ = {
			isa = PBXContainerItemProxy;
			containerPortal = 159805FA26CFC0C500593C9D /* PEPObjCTypes.xcodeproj */;
			proxyType = 1;
			remoteGlobalIDString = 4E575857268329170084F02D;
			remoteInfo = PEPObjCTypes_macOS;
		};
		1598062E26CFCA8800593C9D /* PBXContainerItemProxy */ = {
			isa = PBXContainerItemProxy;
			containerPortal = 159805FA26CFC0C500593C9D /* PEPObjCTypes.xcodeproj */;
			proxyType = 1;
			remoteGlobalIDString = 4E575864268329A20084F02D;
			remoteInfo = PEPObjCTypes_iOS;
		};
		43B0EAD6274D21E100F5D076 /* PBXContainerItemProxy */ = {
			isa = PBXContainerItemProxy;
			containerPortal = 1585EA7426984C4300B822E1 /* Project object */;
			proxyType = 1;
			remoteGlobalIDString = 1585EA7B26984C4300B822E1;
			remoteInfo = PEPObjCTypeUtils_macOS;
		};
/* End PBXContainerItemProxy section */

/* Begin PBXCopyFilesBuildPhase section */
		1585EB3B2698636C00B822E1 /* CopyFiles */ = {
			isa = PBXCopyFilesBuildPhase;
			buildActionMask = 2147483647;
			dstPath = "include/$(PRODUCT_NAME)";
			dstSubfolderSpec = 16;
			files = (
			);
			runOnlyForDeploymentPostprocessing = 0;
		};
/* End PBXCopyFilesBuildPhase section */

/* Begin PBXFileReference section */
		1585EA7C26984C4300B822E1 /* libPEPObjCTypeUtils_macOS.a */ = {isa = PBXFileReference; explicitFileType = archive.ar; includeInIndex = 0; path = libPEPObjCTypeUtils_macOS.a; sourceTree = BUILT_PRODUCTS_DIR; };
		1585EACB269850B400B822E1 /* pEpEngine.xcodeproj */ = {isa = PBXFileReference; lastKnownFileType = "wrapper.pb-project"; name = pEpEngine.xcodeproj; path = "../../../pEpEngine/build-mac/pEpEngine.xcodeproj"; sourceTree = "<group>"; };
		1585EB3D2698636C00B822E1 /* libPEPObjCTypeUtils_iOS.a */ = {isa = PBXFileReference; explicitFileType = archive.ar; includeInIndex = 0; path = libPEPObjCTypeUtils_iOS.a; sourceTree = BUILT_PRODUCTS_DIR; };
		1585EBC12698A8FC00B822E1 /* PEPObjCTypeUtils.h */ = {isa = PBXFileReference; fileEncoding = 4; lastKnownFileType = sourcecode.c.h; path = PEPObjCTypeUtils.h; sourceTree = "<group>"; };
		159805FA26CFC0C500593C9D /* PEPObjCTypes.xcodeproj */ = {isa = PBXFileReference; lastKnownFileType = "wrapper.pb-project"; name = PEPObjCTypes.xcodeproj; path = ../PEPObjCTypes/PEPObjCTypes.xcodeproj; sourceTree = "<group>"; };
		15BD2FB12734487F00B1B1F5 /* PEPObjCTypeConversionUtil.h */ = {isa = PBXFileReference; lastKnownFileType = sourcecode.c.h; path = PEPObjCTypeConversionUtil.h; sourceTree = "<group>"; };
		15BD2FB22734487F00B1B1F5 /* PEPObjCTypeConversionUtil.m */ = {isa = PBXFileReference; lastKnownFileType = sourcecode.c.objc; path = PEPObjCTypeConversionUtil.m; sourceTree = "<group>"; };
		15BD31702742820400B1B1F5 /* PEPStatusNSErrorUtil.h */ = {isa = PBXFileReference; lastKnownFileType = sourcecode.c.h; path = PEPStatusNSErrorUtil.h; sourceTree = "<group>"; };
		15BD31712742820400B1B1F5 /* PEPStatusNSErrorUtil.m */ = {isa = PBXFileReference; lastKnownFileType = sourcecode.c.objc; path = PEPStatusNSErrorUtil.m; sourceTree = "<group>"; };
		43B0EABB274D1E7B00F5D076 /* PEPMessage+ASN1.m */ = {isa = PBXFileReference; fileEncoding = 4; lastKnownFileType = sourcecode.c.objc; path = "PEPMessage+ASN1.m"; sourceTree = "<group>"; };
		43B0EAC2274D1EA700F5D076 /* PEPMessage+ASN1.h */ = {isa = PBXFileReference; fileEncoding = 4; lastKnownFileType = sourcecode.c.h; path = "PEPMessage+ASN1.h"; sourceTree = "<group>"; };
		43B0EAD1274D21E100F5D076 /* PEPObjCTypeUtilsTests_macOS.xctest */ = {isa = PBXFileReference; explicitFileType = wrapper.cfbundle; includeInIndex = 0; path = PEPObjCTypeUtilsTests_macOS.xctest; sourceTree = BUILT_PRODUCTS_DIR; };
		43B0EADF274D222000F5D076 /* PEPMessageASN1Tests.m */ = {isa = PBXFileReference; fileEncoding = 4; lastKnownFileType = sourcecode.c.objc; path = PEPMessageASN1Tests.m; sourceTree = "<group>"; };
		4E51C1F926CD12EE007A2164 /* libPEPObjCTypes_macOS.a */ = {isa = PBXFileReference; explicitFileType = archive.ar; path = libPEPObjCTypes_macOS.a; sourceTree = BUILT_PRODUCTS_DIR; };
/* End PBXFileReference section */

/* Begin PBXFrameworksBuildPhase section */
		1585EA7A26984C4300B822E1 /* Frameworks */ = {
			isa = PBXFrameworksBuildPhase;
			buildActionMask = 2147483647;
			files = (
				4E89010726CF900B00A683E9 /* libPEPObjCTypes_macOS.a in Frameworks */,
			);
			runOnlyForDeploymentPostprocessing = 0;
		};
		1585EB3A2698636C00B822E1 /* Frameworks */ = {
			isa = PBXFrameworksBuildPhase;
			buildActionMask = 2147483647;
			files = (
				1598062A26CFCA0000593C9D /* libPEPObjCTypes_iOS.a in Frameworks */,
			);
			runOnlyForDeploymentPostprocessing = 0;
		};
		43B0EACE274D21E100F5D076 /* Frameworks */ = {
			isa = PBXFrameworksBuildPhase;
			buildActionMask = 2147483647;
			files = (
				43B0EAD5274D21E100F5D076 /* libPEPObjCTypeUtils_macOS.a in Frameworks */,
			);
			runOnlyForDeploymentPostprocessing = 0;
		};
/* End PBXFrameworksBuildPhase section */

/* Begin PBXGroup section */
		1585EA7326984C4300B822E1 = {
			isa = PBXGroup;
			children = (
				159805FA26CFC0C500593C9D /* PEPObjCTypes.xcodeproj */,
				1585EACB269850B400B822E1 /* pEpEngine.xcodeproj */,
				1585EA7E26984C4300B822E1 /* PEPObjCTypeUtils */,
				43B0EAD2274D21E100F5D076 /* PEPObjCTypeUtilsTests_macOS */,
				1585EA7D26984C4300B822E1 /* Products */,
				1585EADB269850C700B822E1 /* Frameworks */,
			);
			sourceTree = "<group>";
		};
		1585EA7D26984C4300B822E1 /* Products */ = {
			isa = PBXGroup;
			children = (
				1585EA7C26984C4300B822E1 /* libPEPObjCTypeUtils_macOS.a */,
				1585EB3D2698636C00B822E1 /* libPEPObjCTypeUtils_iOS.a */,
				43B0EAD1274D21E100F5D076 /* PEPObjCTypeUtilsTests_macOS.xctest */,
			);
			name = Products;
			sourceTree = "<group>";
		};
		1585EA7E26984C4300B822E1 /* PEPObjCTypeUtils */ = {
			isa = PBXGroup;
			children = (
				1585EA9526984DB800B822E1 /* PublicHeaders */,
				15BD2FB22734487F00B1B1F5 /* PEPObjCTypeConversionUtil.m */,
				15BD31712742820400B1B1F5 /* PEPStatusNSErrorUtil.m */,
				43B0EABB274D1E7B00F5D076 /* PEPMessage+ASN1.m */,
			);
			path = PEPObjCTypeUtils;
			sourceTree = "<group>";
		};
		1585EA9526984DB800B822E1 /* PublicHeaders */ = {
			isa = PBXGroup;
			children = (
				1585EBC12698A8FC00B822E1 /* PEPObjCTypeUtils.h */,
				15BD2FB12734487F00B1B1F5 /* PEPObjCTypeConversionUtil.h */,
				15BD31702742820400B1B1F5 /* PEPStatusNSErrorUtil.h */,
				43B0EAC2274D1EA700F5D076 /* PEPMessage+ASN1.h */,
			);
			path = PublicHeaders;
			sourceTree = "<group>";
		};
		1585EADB269850C700B822E1 /* Frameworks */ = {
			isa = PBXGroup;
			children = (
				4E51C1F926CD12EE007A2164 /* libPEPObjCTypes_macOS.a */,
			);
			name = Frameworks;
			sourceTree = "<group>";
		};
		1585EC8A269C51EC00B822E1 /* Products */ = {
			isa = PBXGroup;
			children = (
				1585EC91269C51EC00B822E1 /* libpEpEngine.a */,
				1585EC93269C51EC00B822E1 /* libpEpEngine_macOS.a */,
				1585EC95269C51EC00B822E1 /* pEpTrustWords.bundle */,
			);
			name = Products;
			sourceTree = "<group>";
		};
		159805FB26CFC0C500593C9D /* Products */ = {
			isa = PBXGroup;
			children = (
				1598060126CFC0C500593C9D /* libPEPObjCTypes_macOS.a */,
				1598060326CFC0C500593C9D /* libPEPObjCTypes_iOS.a */,
				1598060526CFC0C500593C9D /* PEPObjCTypesTests_iOS.xctest */,
			);
			name = Products;
			sourceTree = "<group>";
		};
		43B0EAD2274D21E100F5D076 /* PEPObjCTypeUtilsTests_macOS */ = {
			isa = PBXGroup;
			children = (
				43B0EADF274D222000F5D076 /* PEPMessageASN1Tests.m */,
			);
			path = PEPObjCTypeUtilsTests_macOS;
			sourceTree = "<group>";
		};
/* End PBXGroup section */

/* Begin PBXHeadersBuildPhase section */
		1585EA7826984C4300B822E1 /* Headers */ = {
			isa = PBXHeadersBuildPhase;
			buildActionMask = 2147483647;
			files = (
				15BD31722742820400B1B1F5 /* PEPStatusNSErrorUtil.h in Headers */,
				15BD2FB32734487F00B1B1F5 /* PEPObjCTypeConversionUtil.h in Headers */,
				1585EBC32698A8FC00B822E1 /* PEPObjCTypeUtils.h in Headers */,
				43B0EAC3274D1EA700F5D076 /* PEPMessage+ASN1.h in Headers */,
			);
			runOnlyForDeploymentPostprocessing = 0;
		};
		1585EB4B2698647800B822E1 /* Headers */ = {
			isa = PBXHeadersBuildPhase;
			buildActionMask = 2147483647;
			files = (
				15BD31732742820400B1B1F5 /* PEPStatusNSErrorUtil.h in Headers */,
				15BD2FB42734487F00B1B1F5 /* PEPObjCTypeConversionUtil.h in Headers */,
				1585EC79269C3E1700B822E1 /* PEPObjCTypeUtils.h in Headers */,
				43B0EAC4274D1EA700F5D076 /* PEPMessage+ASN1.h in Headers */,
			);
			runOnlyForDeploymentPostprocessing = 0;
		};
/* End PBXHeadersBuildPhase section */

/* Begin PBXNativeTarget section */
		1585EA7B26984C4300B822E1 /* PEPObjCTypeUtils_macOS */ = {
			isa = PBXNativeTarget;
			buildConfigurationList = 1585EA8526984C4300B822E1 /* Build configuration list for PBXNativeTarget "PEPObjCTypeUtils_macOS" */;
			buildPhases = (
				1585EA7826984C4300B822E1 /* Headers */,
				1585EA7926984C4300B822E1 /* Sources */,
				1585EA7A26984C4300B822E1 /* Frameworks */,
				1585EA9626984E6F00B822E1 /* Copy Artefacts to Custom Build Dir */,
			);
			buildRules = (
			);
			dependencies = (
				1585ECC4269C5A0800B822E1 /* PBXTargetDependency */,
				1598060F26CFC2E000593C9D /* PBXTargetDependency */,
			);
			name = PEPObjCTypeUtils_macOS;
			productName = PEPObjCTypeUtils;
			productReference = 1585EA7C26984C4300B822E1 /* libPEPObjCTypeUtils_macOS.a */;
			productType = "com.apple.product-type.library.static";
		};
		1585EB3C2698636C00B822E1 /* PEPObjCTypeUtils_iOS */ = {
			isa = PBXNativeTarget;
			buildConfigurationList = 1585EB4A2698636C00B822E1 /* Build configuration list for PBXNativeTarget "PEPObjCTypeUtils_iOS" */;
			buildPhases = (
				1585EB4B2698647800B822E1 /* Headers */,
				1585EB392698636C00B822E1 /* Sources */,
				1585EB3A2698636C00B822E1 /* Frameworks */,
				1585EB3B2698636C00B822E1 /* CopyFiles */,
				1585EC78269C3DD000B822E1 /* Copy Artefacts to Custom Build dir */,
			);
			buildRules = (
			);
			dependencies = (
				1585ED5A269C6B9F00B822E1 /* PBXTargetDependency */,
				1598062F26CFCA8800593C9D /* PBXTargetDependency */,
			);
			name = PEPObjCTypeUtils_iOS;
			productName = PEPObjCTypeUtils_iOS;
			productReference = 1585EB3D2698636C00B822E1 /* libPEPObjCTypeUtils_iOS.a */;
			productType = "com.apple.product-type.library.static";
		};
		43B0EAD0274D21E100F5D076 /* PEPObjCTypeUtilsTests_macOS */ = {
			isa = PBXNativeTarget;
			buildConfigurationList = 43B0EADE274D21E100F5D076 /* Build configuration list for PBXNativeTarget "PEPObjCTypeUtilsTests_macOS" */;
			buildPhases = (
				43B0EACD274D21E100F5D076 /* Sources */,
				43B0EACE274D21E100F5D076 /* Frameworks */,
				43B0EACF274D21E100F5D076 /* Resources */,
			);
			buildRules = (
			);
			dependencies = (
				43B0EAD7274D21E100F5D076 /* PBXTargetDependency */,
			);
			name = PEPObjCTypeUtilsTests_macOS;
			productName = PEPObjCTypeUtilsTests_macOS;
			productReference = 43B0EAD1274D21E100F5D076 /* PEPObjCTypeUtilsTests_macOS.xctest */;
			productType = "com.apple.product-type.bundle.unit-test";
		};
/* End PBXNativeTarget section */

/* Begin PBXProject section */
		1585EA7426984C4300B822E1 /* Project object */ = {
			isa = PBXProject;
			attributes = {
				LastUpgradeCheck = 1250;
				TargetAttributes = {
					1585EA7B26984C4300B822E1 = {
						CreatedOnToolsVersion = 12.5;
					};
					1585EB3C2698636C00B822E1 = {
						CreatedOnToolsVersion = 12.5;
					};
					43B0EAD0274D21E100F5D076 = {
						CreatedOnToolsVersion = 13.1;
					};
				};
			};
			buildConfigurationList = 1585EA7726984C4300B822E1 /* Build configuration list for PBXProject "PEPObjCTypeUtils" */;
			compatibilityVersion = "Xcode 9.3";
			developmentRegion = en;
			hasScannedForEncodings = 0;
			knownRegions = (
				en,
				Base,
			);
			mainGroup = 1585EA7326984C4300B822E1;
			productRefGroup = 1585EA7D26984C4300B822E1 /* Products */;
			projectDirPath = "";
			projectReferences = (
				{
					ProductGroup = 1585EC8A269C51EC00B822E1 /* Products */;
					ProjectRef = 1585EACB269850B400B822E1 /* pEpEngine.xcodeproj */;
				},
				{
					ProductGroup = 159805FB26CFC0C500593C9D /* Products */;
					ProjectRef = 159805FA26CFC0C500593C9D /* PEPObjCTypes.xcodeproj */;
				},
			);
			projectRoot = "";
			targets = (
				1585EA7B26984C4300B822E1 /* PEPObjCTypeUtils_macOS */,
				1585EB3C2698636C00B822E1 /* PEPObjCTypeUtils_iOS */,
				43B0EAD0274D21E100F5D076 /* PEPObjCTypeUtilsTests_macOS */,
			);
		};
/* End PBXProject section */

/* Begin PBXReferenceProxy section */
		1585EC91269C51EC00B822E1 /* libpEpEngine.a */ = {
			isa = PBXReferenceProxy;
			fileType = archive.ar;
			path = libpEpEngine.a;
			remoteRef = 1585EC90269C51EC00B822E1 /* PBXContainerItemProxy */;
			sourceTree = BUILT_PRODUCTS_DIR;
		};
		1585EC93269C51EC00B822E1 /* libpEpEngine_macOS.a */ = {
			isa = PBXReferenceProxy;
			fileType = archive.ar;
			path = libpEpEngine_macOS.a;
			remoteRef = 1585EC92269C51EC00B822E1 /* PBXContainerItemProxy */;
			sourceTree = BUILT_PRODUCTS_DIR;
		};
		1585EC95269C51EC00B822E1 /* pEpTrustWords.bundle */ = {
			isa = PBXReferenceProxy;
			fileType = wrapper.cfbundle;
			path = pEpTrustWords.bundle;
			remoteRef = 1585EC94269C51EC00B822E1 /* PBXContainerItemProxy */;
			sourceTree = BUILT_PRODUCTS_DIR;
		};
		1598060126CFC0C500593C9D /* libPEPObjCTypes_macOS.a */ = {
			isa = PBXReferenceProxy;
			fileType = archive.ar;
			path = libPEPObjCTypes_macOS.a;
			remoteRef = 1598060026CFC0C500593C9D /* PBXContainerItemProxy */;
			sourceTree = BUILT_PRODUCTS_DIR;
		};
		1598060326CFC0C500593C9D /* libPEPObjCTypes_iOS.a */ = {
			isa = PBXReferenceProxy;
			fileType = archive.ar;
			path = libPEPObjCTypes_iOS.a;
			remoteRef = 1598060226CFC0C500593C9D /* PBXContainerItemProxy */;
			sourceTree = BUILT_PRODUCTS_DIR;
		};
		1598060526CFC0C500593C9D /* PEPObjCTypesTests_iOS.xctest */ = {
			isa = PBXReferenceProxy;
			fileType = wrapper.cfbundle;
			path = PEPObjCTypesTests_iOS.xctest;
			remoteRef = 1598060426CFC0C500593C9D /* PBXContainerItemProxy */;
			sourceTree = BUILT_PRODUCTS_DIR;
		};
/* End PBXReferenceProxy section */

/* Begin PBXResourcesBuildPhase section */
		43B0EACF274D21E100F5D076 /* Resources */ = {
			isa = PBXResourcesBuildPhase;
			buildActionMask = 2147483647;
			files = (
			);
			runOnlyForDeploymentPostprocessing = 0;
		};
/* End PBXResourcesBuildPhase section */

/* Begin PBXShellScriptBuildPhase section */
		1585EA9626984E6F00B822E1 /* Copy Artefacts to Custom Build Dir */ = {
			isa = PBXShellScriptBuildPhase;
			buildActionMask = 2147483647;
			files = (
			);
			inputFileListPaths = (
			);
			inputPaths = (
			);
			name = "Copy Artefacts to Custom Build Dir";
			outputFileListPaths = (
			);
			outputPaths = (
			);
			runOnlyForDeploymentPostprocessing = 0;
			shellPath = /bin/sh;
			shellScript = "CUSTOM_BUILD_DIR=${PROJECT_DIR}/build\nCUSTOM_INCLUDE_DIR=${CUSTOM_BUILD_DIR}/include\nmkdir -p ${CUSTOM_INCLUDE_DIR}\n\ncp \"${PROJECT_DIR}/PEPObjCTypeUtils/PublicHeaders\"/*.h \"${CUSTOM_INCLUDE_DIR}\"\ncp \"${BUILT_PRODUCTS_DIR}/libPEPObjCTypeUtils_macOS.a\" ${CUSTOM_BUILD_DIR}\n";
			showEnvVarsInLog = 0;
		};
		1585EC78269C3DD000B822E1 /* Copy Artefacts to Custom Build dir */ = {
			isa = PBXShellScriptBuildPhase;
			buildActionMask = 2147483647;
			files = (
			);
			inputFileListPaths = (
			);
			inputPaths = (
			);
			name = "Copy Artefacts to Custom Build dir";
			outputFileListPaths = (
			);
			outputPaths = (
			);
			runOnlyForDeploymentPostprocessing = 0;
			shellPath = /bin/sh;
			shellScript = "CUSTOM_BUILD_DIR=${PROJECT_DIR}/build\nCUSTOM_INCLUDE_DIR=${CUSTOM_BUILD_DIR}/include\nmkdir -p ${CUSTOM_INCLUDE_DIR}\n\ncp \"${PROJECT_DIR}/PEPObjCTypeUtils/PublicHeaders\"/*.h \"${CUSTOM_INCLUDE_DIR}\"\ncp \"${BUILT_PRODUCTS_DIR}/libPEPObjCTypeUtils_iOS.a\" ${CUSTOM_BUILD_DIR}\n";
		};
/* End PBXShellScriptBuildPhase section */

/* Begin PBXSourcesBuildPhase section */
		1585EA7926984C4300B822E1 /* Sources */ = {
			isa = PBXSourcesBuildPhase;
			buildActionMask = 2147483647;
			files = (
				15BD2FB52734487F00B1B1F5 /* PEPObjCTypeConversionUtil.m in Sources */,
				15BD31742742820400B1B1F5 /* PEPStatusNSErrorUtil.m in Sources */,
				43B0EAC0274D1E7B00F5D076 /* PEPMessage+ASN1.m in Sources */,
			);
			runOnlyForDeploymentPostprocessing = 0;
		};
		1585EB392698636C00B822E1 /* Sources */ = {
			isa = PBXSourcesBuildPhase;
			buildActionMask = 2147483647;
			files = (
				15BD2FB62734487F00B1B1F5 /* PEPObjCTypeConversionUtil.m in Sources */,
				15BD31752742820400B1B1F5 /* PEPStatusNSErrorUtil.m in Sources */,
				43B0EAC1274D1E7B00F5D076 /* PEPMessage+ASN1.m in Sources */,
			);
			runOnlyForDeploymentPostprocessing = 0;
		};
		43B0EACD274D21E100F5D076 /* Sources */ = {
			isa = PBXSourcesBuildPhase;
			buildActionMask = 2147483647;
			files = (
				43B0EAE0274D222000F5D076 /* PEPMessageASN1Tests.m in Sources */,
			);
			runOnlyForDeploymentPostprocessing = 0;
		};
/* End PBXSourcesBuildPhase section */

/* Begin PBXTargetDependency section */
		1585ECC4269C5A0800B822E1 /* PBXTargetDependency */ = {
			isa = PBXTargetDependency;
			name = pEpEngine_macOS;
			targetProxy = 1585ECC3269C5A0800B822E1 /* PBXContainerItemProxy */;
		};
		1585ED5A269C6B9F00B822E1 /* PBXTargetDependency */ = {
			isa = PBXTargetDependency;
			name = pEpEngine;
			targetProxy = 1585ED59269C6B9F00B822E1 /* PBXContainerItemProxy */;
		};
		1598060F26CFC2E000593C9D /* PBXTargetDependency */ = {
			isa = PBXTargetDependency;
			name = PEPObjCTypes_macOS;
			targetProxy = 1598060E26CFC2E000593C9D /* PBXContainerItemProxy */;
		};
		1598062F26CFCA8800593C9D /* PBXTargetDependency */ = {
			isa = PBXTargetDependency;
			name = PEPObjCTypes_iOS;
			targetProxy = 1598062E26CFCA8800593C9D /* PBXContainerItemProxy */;
		};
		43B0EAD7274D21E100F5D076 /* PBXTargetDependency */ = {
			isa = PBXTargetDependency;
			target = 1585EA7B26984C4300B822E1 /* PEPObjCTypeUtils_macOS */;
			targetProxy = 43B0EAD6274D21E100F5D076 /* PBXContainerItemProxy */;
		};
/* End PBXTargetDependency section */

/* Begin XCBuildConfiguration section */
		1585EA8326984C4300B822E1 /* Debug */ = {
			isa = XCBuildConfiguration;
			buildSettings = {
				ALWAYS_SEARCH_USER_PATHS = NO;
				CLANG_ANALYZER_NONNULL = YES;
				CLANG_ANALYZER_NUMBER_OBJECT_CONVERSION = YES_AGGRESSIVE;
				CLANG_CXX_LANGUAGE_STANDARD = "gnu++14";
				CLANG_CXX_LIBRARY = "libc++";
				CLANG_ENABLE_MODULES = YES;
				CLANG_ENABLE_OBJC_ARC = YES;
				CLANG_ENABLE_OBJC_WEAK = YES;
				CLANG_WARN_BLOCK_CAPTURE_AUTORELEASING = YES;
				CLANG_WARN_BOOL_CONVERSION = YES;
				CLANG_WARN_COMMA = YES;
				CLANG_WARN_CONSTANT_CONVERSION = YES;
				CLANG_WARN_DEPRECATED_OBJC_IMPLEMENTATIONS = YES;
				CLANG_WARN_DIRECT_OBJC_ISA_USAGE = YES_ERROR;
				CLANG_WARN_DOCUMENTATION_COMMENTS = YES;
				CLANG_WARN_EMPTY_BODY = YES;
				CLANG_WARN_ENUM_CONVERSION = YES;
				CLANG_WARN_INFINITE_RECURSION = YES;
				CLANG_WARN_INT_CONVERSION = YES;
				CLANG_WARN_NON_LITERAL_NULL_CONVERSION = YES;
				CLANG_WARN_OBJC_IMPLICIT_RETAIN_SELF = YES;
				CLANG_WARN_OBJC_LITERAL_CONVERSION = YES;
				CLANG_WARN_OBJC_ROOT_CLASS = YES_ERROR;
				CLANG_WARN_QUOTED_INCLUDE_IN_FRAMEWORK_HEADER = YES;
				CLANG_WARN_RANGE_LOOP_ANALYSIS = YES;
				CLANG_WARN_STRICT_PROTOTYPES = YES;
				CLANG_WARN_SUSPICIOUS_MOVE = YES;
				CLANG_WARN_UNGUARDED_AVAILABILITY = YES_AGGRESSIVE;
				CLANG_WARN_UNREACHABLE_CODE = YES;
				CLANG_WARN__DUPLICATE_METHOD_MATCH = YES;
				COPY_PHASE_STRIP = NO;
				DEBUG_INFORMATION_FORMAT = dwarf;
				ENABLE_STRICT_OBJC_MSGSEND = YES;
				ENABLE_TESTABILITY = YES;
				GCC_C_LANGUAGE_STANDARD = gnu11;
				GCC_DYNAMIC_NO_PIC = NO;
				GCC_NO_COMMON_BLOCKS = YES;
				GCC_OPTIMIZATION_LEVEL = 0;
				GCC_PREPROCESSOR_DEFINITIONS = (
					"DEBUG=1",
					"$(inherited)",
				);
				GCC_WARN_64_TO_32_BIT_CONVERSION = YES;
				GCC_WARN_ABOUT_RETURN_TYPE = YES_ERROR;
				GCC_WARN_UNDECLARED_SELECTOR = YES;
				GCC_WARN_UNINITIALIZED_AUTOS = YES_AGGRESSIVE;
				GCC_WARN_UNUSED_FUNCTION = YES;
				GCC_WARN_UNUSED_VARIABLE = YES;
				HEADER_SEARCH_PATHS = (
					"${PROJECT_DIR}/../../../pEpEngine/build-mac/build/include/",
					"${PROJECT_DIR}/../../../pEpEngine/build-mac/build/include/pEp",
					"${PROJECT_DIR}/../PEPObjCTypes/build/include",
					"${PROJECT_DIR}/../../../libpEpTransport/build-mac/build/include",
				);
				IPHONEOS_DEPLOYMENT_TARGET = 12.0;
				MACOSX_DEPLOYMENT_TARGET = 10.10;
				MTL_ENABLE_DEBUG_INFO = INCLUDE_SOURCE;
				MTL_FAST_MATH = YES;
				ONLY_ACTIVE_ARCH = YES;
				OTHER_LDFLAGS = (
					"$(OTHER_LDFLAGS)",
					"-ObjC",
				);
				SDKROOT = macosx;
			};
			name = Debug;
		};
		1585EA8426984C4300B822E1 /* Release */ = {
			isa = XCBuildConfiguration;
			buildSettings = {
				ALWAYS_SEARCH_USER_PATHS = NO;
				CLANG_ANALYZER_NONNULL = YES;
				CLANG_ANALYZER_NUMBER_OBJECT_CONVERSION = YES_AGGRESSIVE;
				CLANG_CXX_LANGUAGE_STANDARD = "gnu++14";
				CLANG_CXX_LIBRARY = "libc++";
				CLANG_ENABLE_MODULES = YES;
				CLANG_ENABLE_OBJC_ARC = YES;
				CLANG_ENABLE_OBJC_WEAK = YES;
				CLANG_WARN_BLOCK_CAPTURE_AUTORELEASING = YES;
				CLANG_WARN_BOOL_CONVERSION = YES;
				CLANG_WARN_COMMA = YES;
				CLANG_WARN_CONSTANT_CONVERSION = YES;
				CLANG_WARN_DEPRECATED_OBJC_IMPLEMENTATIONS = YES;
				CLANG_WARN_DIRECT_OBJC_ISA_USAGE = YES_ERROR;
				CLANG_WARN_DOCUMENTATION_COMMENTS = YES;
				CLANG_WARN_EMPTY_BODY = YES;
				CLANG_WARN_ENUM_CONVERSION = YES;
				CLANG_WARN_INFINITE_RECURSION = YES;
				CLANG_WARN_INT_CONVERSION = YES;
				CLANG_WARN_NON_LITERAL_NULL_CONVERSION = YES;
				CLANG_WARN_OBJC_IMPLICIT_RETAIN_SELF = YES;
				CLANG_WARN_OBJC_LITERAL_CONVERSION = YES;
				CLANG_WARN_OBJC_ROOT_CLASS = YES_ERROR;
				CLANG_WARN_QUOTED_INCLUDE_IN_FRAMEWORK_HEADER = YES;
				CLANG_WARN_RANGE_LOOP_ANALYSIS = YES;
				CLANG_WARN_STRICT_PROTOTYPES = YES;
				CLANG_WARN_SUSPICIOUS_MOVE = YES;
				CLANG_WARN_UNGUARDED_AVAILABILITY = YES_AGGRESSIVE;
				CLANG_WARN_UNREACHABLE_CODE = YES;
				CLANG_WARN__DUPLICATE_METHOD_MATCH = YES;
				COPY_PHASE_STRIP = NO;
				DEBUG_INFORMATION_FORMAT = "dwarf-with-dsym";
				ENABLE_NS_ASSERTIONS = NO;
				ENABLE_STRICT_OBJC_MSGSEND = YES;
				GCC_C_LANGUAGE_STANDARD = gnu11;
				GCC_NO_COMMON_BLOCKS = YES;
				GCC_WARN_64_TO_32_BIT_CONVERSION = YES;
				GCC_WARN_ABOUT_RETURN_TYPE = YES_ERROR;
				GCC_WARN_UNDECLARED_SELECTOR = YES;
				GCC_WARN_UNINITIALIZED_AUTOS = YES_AGGRESSIVE;
				GCC_WARN_UNUSED_FUNCTION = YES;
				GCC_WARN_UNUSED_VARIABLE = YES;
				HEADER_SEARCH_PATHS = (
					"${PROJECT_DIR}/../../../pEpEngine/build-mac/build/include/",
					"${PROJECT_DIR}/../../../pEpEngine/build-mac/build/include/pEp",
					"${PROJECT_DIR}/../PEPObjCTypes/build/include",
					"${PROJECT_DIR}/../../../libpEpTransport/build-mac/build/include",
				);
				IPHONEOS_DEPLOYMENT_TARGET = 12.0;
				MACOSX_DEPLOYMENT_TARGET = 10.10;
				MTL_ENABLE_DEBUG_INFO = NO;
				MTL_FAST_MATH = YES;
				OTHER_LDFLAGS = (
					"$(OTHER_LDFLAGS)",
					"-ObjC",
				);
				SDKROOT = macosx;
			};
			name = Release;
		};
		1585EA8626984C4300B822E1 /* Debug */ = {
			isa = XCBuildConfiguration;
			buildSettings = {
				CODE_SIGN_STYLE = Automatic;
				DEVELOPMENT_TEAM = NQLYU6MGPN;
				EXECUTABLE_PREFIX = lib;
				PRODUCT_NAME = "$(TARGET_NAME)";
				SKIP_INSTALL = YES;
			};
			name = Debug;
		};
		1585EA8726984C4300B822E1 /* Release */ = {
			isa = XCBuildConfiguration;
			buildSettings = {
				CODE_SIGN_STYLE = Automatic;
				DEVELOPMENT_TEAM = NQLYU6MGPN;
				EXECUTABLE_PREFIX = lib;
				PRODUCT_NAME = "$(TARGET_NAME)";
				SKIP_INSTALL = YES;
			};
			name = Release;
		};
		1585EB432698636C00B822E1 /* Debug */ = {
			isa = XCBuildConfiguration;
			buildSettings = {
				CODE_SIGN_STYLE = Automatic;
				DEVELOPMENT_TEAM = NQLYU6MGPN;
				OTHER_LDFLAGS = "-ObjC";
				PRODUCT_NAME = "$(TARGET_NAME)";
				SDKROOT = iphoneos;
				SKIP_INSTALL = YES;
				TARGETED_DEVICE_FAMILY = "1,2";
			};
			name = Debug;
		};
		1585EB442698636C00B822E1 /* Release */ = {
			isa = XCBuildConfiguration;
			buildSettings = {
				CODE_SIGN_STYLE = Automatic;
				DEVELOPMENT_TEAM = NQLYU6MGPN;
				OTHER_LDFLAGS = "-ObjC";
				PRODUCT_NAME = "$(TARGET_NAME)";
				SDKROOT = iphoneos;
				SKIP_INSTALL = YES;
				TARGETED_DEVICE_FAMILY = "1,2";
				VALIDATE_PRODUCT = YES;
			};
			name = Release;
		};
		43B0EAD8274D21E100F5D076 /* Debug */ = {
			isa = XCBuildConfiguration;
			buildSettings = {
				CLANG_CXX_LANGUAGE_STANDARD = "gnu++17";
				CODE_SIGN_STYLE = Automatic;
				COMBINE_HIDPI_IMAGES = YES;
				CURRENT_PROJECT_VERSION = 1;
				DEVELOPMENT_TEAM = NQLYU6MGPN;
				GENERATE_INFOPLIST_FILE = YES;
				LD_RUNPATH_SEARCH_PATHS = (
					"$(inherited)",
					"@executable_path/../Frameworks",
					"@loader_path/../Frameworks",
				);
				MACOSX_DEPLOYMENT_TARGET = 11.5;
				MARKETING_VERSION = 1.0;
				PRODUCT_BUNDLE_IDENTIFIER = "security.pEp.PEPObjCTypeUtilsTests-macOS";
				PRODUCT_NAME = "$(TARGET_NAME)";
				SWIFT_EMIT_LOC_STRINGS = NO;
			};
			name = Debug;
		};
		43B0EAD9274D21E100F5D076 /* Release */ = {
			isa = XCBuildConfiguration;
			buildSettings = {
				CLANG_CXX_LANGUAGE_STANDARD = "gnu++17";
				CODE_SIGN_STYLE = Automatic;
				COMBINE_HIDPI_IMAGES = YES;
				CURRENT_PROJECT_VERSION = 1;
				DEVELOPMENT_TEAM = NQLYU6MGPN;
				GENERATE_INFOPLIST_FILE = YES;
				LD_RUNPATH_SEARCH_PATHS = (
					"$(inherited)",
					"@executable_path/../Frameworks",
					"@loader_path/../Frameworks",
				);
				MACOSX_DEPLOYMENT_TARGET = 11.5;
				MARKETING_VERSION = 1.0;
				PRODUCT_BUNDLE_IDENTIFIER = "security.pEp.PEPObjCTypeUtilsTests-macOS";
				PRODUCT_NAME = "$(TARGET_NAME)";
				SWIFT_EMIT_LOC_STRINGS = NO;
			};
			name = Release;
		};
/* End XCBuildConfiguration section */

/* Begin XCConfigurationList section */
		1585EA7726984C4300B822E1 /* Build configuration list for PBXProject "PEPObjCTypeUtils" */ = {
			isa = XCConfigurationList;
			buildConfigurations = (
				1585EA8326984C4300B822E1 /* Debug */,
				1585EA8426984C4300B822E1 /* Release */,
			);
			defaultConfigurationIsVisible = 0;
			defaultConfigurationName = Release;
		};
		1585EA8526984C4300B822E1 /* Build configuration list for PBXNativeTarget "PEPObjCTypeUtils_macOS" */ = {
			isa = XCConfigurationList;
			buildConfigurations = (
				1585EA8626984C4300B822E1 /* Debug */,
				1585EA8726984C4300B822E1 /* Release */,
			);
			defaultConfigurationIsVisible = 0;
			defaultConfigurationName = Release;
		};
		1585EB4A2698636C00B822E1 /* Build configuration list for PBXNativeTarget "PEPObjCTypeUtils_iOS" */ = {
			isa = XCConfigurationList;
			buildConfigurations = (
				1585EB432698636C00B822E1 /* Debug */,
				1585EB442698636C00B822E1 /* Release */,
			);
			defaultConfigurationIsVisible = 0;
			defaultConfigurationName = Release;
		};
		43B0EADE274D21E100F5D076 /* Build configuration list for PBXNativeTarget "PEPObjCTypeUtilsTests_macOS" */ = {
			isa = XCConfigurationList;
			buildConfigurations = (
				43B0EAD8274D21E100F5D076 /* Debug */,
				43B0EAD9274D21E100F5D076 /* Release */,
			);
			defaultConfigurationIsVisible = 0;
			defaultConfigurationName = Release;
		};
/* End XCConfigurationList section */
	};
	rootObject = 1585EA7426984C4300B822E1 /* Project object */;
}
